{
  "originHash" : "245f51de34c8c02091844f7a3f892eaa42963234855fa4510b39e8456f0b8bd8",
  "pins" : [
    {
      "identity" : "cocoalumberjack",
      "kind" : "remoteSourceControl",
      "location" : "https://github.com/CocoaLumberjack/CocoaLumberjack.git",
      "state" : {
        "revision" : "4b8714a7fb84d42393314ce897127b3939885ec3",
        "version" : "3.8.5"
      }
    },
    {
      "identity" : "filemanaging",
      "kind" : "remoteSourceControl",
      "location" : "https://github.com/TheP1ch/FileManaging.git",
      "state" : {
        "branch" : "main",
        "revision" : "4df69d474873792ef6bb87cedaebbf4aee5137a2"
      }
    },
    {
      "identity" : "swift-log",
      "kind" : "remoteSourceControl",
      "location" : "https://github.com/apple/swift-log",
      "state" : {
        "revision" : "9cb486020ebf03bfa5b5df985387a14a98744537",
        "version" : "1.6.1"
      }
    },
    {
      "identity" : "swift-syntax",
      "kind" : "remoteSourceControl",
      "location" : "https://github.com/apple/swift-syntax.git",
      "state" : {
        "revision" : "303e5c5c36d6a558407d364878df131c3546fad8",
        "version" : "510.0.2"
      }
    },
    {
      "identity" : "url",
      "kind" : "remoteSourceControl",
      "location" : "https://github.com/davidsteppenbeck/URL.git",
      "state" : {
        "revision" : "07f2bf851840ca9c824bc703338f7d472150b654",
        "version" : "1.1.1"
      }
    }
  ],
  "version" : 3
}
