// !$*UTF8*$!
{
	archiveVersion = 1;
	classes = {
	};
	objectVersion = 56;
	objects = {

/* Begin PBXBuildFile section */
		95D7E08CA108E3F96A6C88AB /* Pods_TodoListAppTests.framework in Frameworks */ = {isa = PBXBuildFile; fileRef = 7C9C51FB4D153CF6F49E8C4C /* Pods_TodoListAppTests.framework */; };
		9C0C36212C35C2780049798F /* Color + Extensions.swift in Sources */ = {isa = PBXBuildFile; fileRef = 9C0C36202C35C2780049798F /* Color + Extensions.swift */; };
		9C243D942C35882A009B3EF8 /* ColorCell.swift in Sources */ = {isa = PBXBuildFile; fileRef = 9C243D932C35882A009B3EF8 /* ColorCell.swift */; };
		9C243D962C3592C6009B3EF8 /* Gradient + Extensions.swift in Sources */ = {isa = PBXBuildFile; fileRef = 9C243D952C3592C6009B3EF8 /* Gradient + Extensions.swift */; };
		9C243D992C35B730009B3EF8 /* HueSlider.swift in Sources */ = {isa = PBXBuildFile; fileRef = 9C243D982C35B730009B3EF8 /* HueSlider.swift */; };
		9C243D9B2C35B808009B3EF8 /* ColorPicker.swift in Sources */ = {isa = PBXBuildFile; fileRef = 9C243D9A2C35B808009B3EF8 /* ColorPicker.swift */; };
		9C441A0C2C205E3600CED704 /* TodoListApp.swift in Sources */ = {isa = PBXBuildFile; fileRef = 9C441A0B2C205E3600CED704 /* TodoListApp.swift */; };
		9C441A0E2C205E3600CED704 /* TodoListView.swift in Sources */ = {isa = PBXBuildFile; fileRef = 9C441A0D2C205E3600CED704 /* TodoListView.swift */; };
		9C441A102C205E3900CED704 /* Assets.xcassets in Resources */ = {isa = PBXBuildFile; fileRef = 9C441A0F2C205E3900CED704 /* Assets.xcassets */; };
		9C441A132C205E3900CED704 /* Preview Assets.xcassets in Resources */ = {isa = PBXBuildFile; fileRef = 9C441A122C205E3900CED704 /* Preview Assets.xcassets */; };
		9C441A1D2C205E3A00CED704 /* TodoItemTests.swift in Sources */ = {isa = PBXBuildFile; fileRef = 9C441A1C2C205E3A00CED704 /* TodoItemTests.swift */; };
		9C441A272C205E3A00CED704 /* TodoListAppUITests.swift in Sources */ = {isa = PBXBuildFile; fileRef = 9C441A262C205E3A00CED704 /* TodoListAppUITests.swift */; };
		9C441A292C205E3A00CED704 /* TodoListAppUITestsLaunchTests.swift in Sources */ = {isa = PBXBuildFile; fileRef = 9C441A282C205E3A00CED704 /* TodoListAppUITestsLaunchTests.swift */; };
		9C441A372C2060C300CED704 /* TodoItem.swift in Sources */ = {isa = PBXBuildFile; fileRef = 9C441A362C2060C300CED704 /* TodoItem.swift */; };
		9C441A3A2C20646D00CED704 /* FileCache.swift in Sources */ = {isa = PBXBuildFile; fileRef = 9C441A392C20646D00CED704 /* FileCache.swift */; };
		9C441A3D2C21C85000CED704 /* FileManager + Extension.swift in Sources */ = {isa = PBXBuildFile; fileRef = 9C441A3C2C21C85000CED704 /* FileManager + Extension.swift */; };
		9C4667BB2C3FFE5000F4AC81 /* CocoaLumberjack in Frameworks */ = {isa = PBXBuildFile; productRef = 9C4667BA2C3FFE5000F4AC81 /* CocoaLumberjack */; };
		9C4667BD2C3FFE5000F4AC81 /* CocoaLumberjackSwift in Frameworks */ = {isa = PBXBuildFile; productRef = 9C4667BC2C3FFE5000F4AC81 /* CocoaLumberjackSwift */; };
		9C4667BF2C3FFE5000F4AC81 /* CocoaLumberjackSwiftLogBackend in Frameworks */ = {isa = PBXBuildFile; productRef = 9C4667BE2C3FFE5000F4AC81 /* CocoaLumberjackSwiftLogBackend */; };
		9C4667C12C4002E500F4AC81 /* LogFormatter.swift in Sources */ = {isa = PBXBuildFile; fileRef = 9C4667C02C4002E500F4AC81 /* LogFormatter.swift */; };
		9C4667C32C4004E400F4AC81 /* Logger.swift in Sources */ = {isa = PBXBuildFile; fileRef = 9C4667C22C4004E400F4AC81 /* Logger.swift */; };
		9C4667C72C4057A200F4AC81 /* FileManaging in Frameworks */ = {isa = PBXBuildFile; productRef = 9C4667C62C4057A200F4AC81 /* FileManaging */; };
		9C4667C92C412D9900F4AC81 /* URLSession + Extensions.swift in Sources */ = {isa = PBXBuildFile; fileRef = 9C4667C82C412D9900F4AC81 /* URLSession + Extensions.swift */; };
		9C5389FF2C4A661500AFB9DC /* API.swift in Sources */ = {isa = PBXBuildFile; fileRef = 9C5389FE2C4A661500AFB9DC /* API.swift */; };
		9C538A012C4A661F00AFB9DC /* NetworkingService.swift in Sources */ = {isa = PBXBuildFile; fileRef = 9C538A002C4A661F00AFB9DC /* NetworkingService.swift */; };
		9C538A032C4A663000AFB9DC /* DefaultNetworkingService.swift in Sources */ = {isa = PBXBuildFile; fileRef = 9C538A022C4A663000AFB9DC /* DefaultNetworkingService.swift */; };
		9C564E2E2C32E5B500E2EE78 /* FilterOption.swift in Sources */ = {isa = PBXBuildFile; fileRef = 9C564E2D2C32E5B500E2EE78 /* FilterOption.swift */; };
		9C564E322C32FF7E00E2EE78 /* TodoDetailView.swift in Sources */ = {isa = PBXBuildFile; fileRef = 9C564E312C32FF7E00E2EE78 /* TodoDetailView.swift */; };
		9C564E342C32FF8700E2EE78 /* TodoDetailViewModel.swift in Sources */ = {isa = PBXBuildFile; fileRef = 9C564E332C32FF8700E2EE78 /* TodoDetailViewModel.swift */; };
		9C564E382C3338D300E2EE78 /* TextFieldCell.swift in Sources */ = {isa = PBXBuildFile; fileRef = 9C564E372C3338D300E2EE78 /* TextFieldCell.swift */; };
		9C5A5F442C382E6900105632 /* CalendarViewModel.swift in Sources */ = {isa = PBXBuildFile; fileRef = 9C5A5F432C382E6900105632 /* CalendarViewModel.swift */; };
		9C5A5F462C3831C900105632 /* VerticalCalendarViewCell.swift in Sources */ = {isa = PBXBuildFile; fileRef = 9C5A5F452C3831C800105632 /* VerticalCalendarViewCell.swift */; };
		9C5A5F482C38320100105632 /* HorizontalCalendarViewCell.swift in Sources */ = {isa = PBXBuildFile; fileRef = 9C5A5F472C38320100105632 /* HorizontalCalendarViewCell.swift */; };
		9C5A5F4A2C383A0000105632 /* UILabel + Extensions.swift in Sources */ = {isa = PBXBuildFile; fileRef = 9C5A5F492C383A0000105632 /* UILabel + Extensions.swift */; };
		9C5A5F4D2C38435800105632 /* HorizontalCalendarView.swift in Sources */ = {isa = PBXBuildFile; fileRef = 9C5A5F4C2C38435800105632 /* HorizontalCalendarView.swift */; };
		9C5A5F4F2C385B3100105632 /* VerticalCalendarView.swift in Sources */ = {isa = PBXBuildFile; fileRef = 9C5A5F4E2C385B3100105632 /* VerticalCalendarView.swift */; };
		9C62D73C2C3172B800316F0B /* AddNewItemButton.swift in Sources */ = {isa = PBXBuildFile; fileRef = 9C62D73B2C3172B800316F0B /* AddNewItemButton.swift */; };
		9C6DA3962C303B0E002F2B6B /* Priority.swift in Sources */ = {isa = PBXBuildFile; fileRef = 9C6DA3952C303B0E002F2B6B /* Priority.swift */; };
		9C8F5DE72C31AB2B00DAE22C /* TodoItemCell.swift in Sources */ = {isa = PBXBuildFile; fileRef = 9C8F5DE62C31AB2B00DAE22C /* TodoItemCell.swift */; };
		9C8F5DE92C31BE6100DAE22C /* Priority + Extensions.swift in Sources */ = {isa = PBXBuildFile; fileRef = 9C8F5DE82C31BE6000DAE22C /* Priority + Extensions.swift */; };
		9C8F5DEB2C31C81B00DAE22C /* Date + Extensions.swift in Sources */ = {isa = PBXBuildFile; fileRef = 9C8F5DEA2C31C81B00DAE22C /* Date + Extensions.swift */; };
		9C8F5DEF2C32DAC300DAE22C /* NewItemCell.swift in Sources */ = {isa = PBXBuildFile; fileRef = 9C8F5DEE2C32DAC300DAE22C /* NewItemCell.swift */; };
		9C8F5DF12C32DF3D00DAE22C /* ListHeader.swift in Sources */ = {isa = PBXBuildFile; fileRef = 9C8F5DF02C32DF3D00DAE22C /* ListHeader.swift */; };
		9C8F5DF32C32E4BB00DAE22C /* SortOption.swift in Sources */ = {isa = PBXBuildFile; fileRef = 9C8F5DF22C32E4BB00DAE22C /* SortOption.swift */; };
		9CAC0D4F2C38CC3A004570E0 /* Category.swift in Sources */ = {isa = PBXBuildFile; fileRef = 9CAC0D4E2C38CC3A004570E0 /* Category.swift */; };
		9CAC0D512C38CD69004570E0 /* CategoryCell.swift in Sources */ = {isa = PBXBuildFile; fileRef = 9CAC0D502C38CD69004570E0 /* CategoryCell.swift */; };
		9CAC0D532C38D1EA004570E0 /* CategoryColorCircle.swift in Sources */ = {isa = PBXBuildFile; fileRef = 9CAC0D522C38D1EA004570E0 /* CategoryColorCircle.swift */; };
		9CAC0D552C38D8BB004570E0 /* CategoryViewModel.swift in Sources */ = {isa = PBXBuildFile; fileRef = 9CAC0D542C38D8BB004570E0 /* CategoryViewModel.swift */; };
		9CAC0D582C38F976004570E0 /* CategoryCreator.swift in Sources */ = {isa = PBXBuildFile; fileRef = 9CAC0D572C38F976004570E0 /* CategoryCreator.swift */; };
		9CAC0D5A2C38FB3E004570E0 /* ColorPickerNavWrapper.swift in Sources */ = {isa = PBXBuildFile; fileRef = 9CAC0D592C38FB3E004570E0 /* ColorPickerNavWrapper.swift */; };
		9CC2DEB62C34339400A70FE5 /* DeadlineCell.swift in Sources */ = {isa = PBXBuildFile; fileRef = 9CC2DEB52C34339400A70FE5 /* DeadlineCell.swift */; };
		9CC2DEB82C34344300A70FE5 /* ImportanceCell.swift in Sources */ = {isa = PBXBuildFile; fileRef = 9CC2DEB72C34344300A70FE5 /* ImportanceCell.swift */; };
		9CC780162C37D5BB00A698FA /* UICalendarViewControllerRepresentable.swift in Sources */ = {isa = PBXBuildFile; fileRef = 9CC780152C37D5BB00A698FA /* UICalendarViewControllerRepresentable.swift */; };
		9CC780182C37D6B900A698FA /* CalendarViewController.swift in Sources */ = {isa = PBXBuildFile; fileRef = 9CC780172C37D6B900A698FA /* CalendarViewController.swift */; };
		9CD77A5F2C305298004885D8 /* TodoListViewModel.swift in Sources */ = {isa = PBXBuildFile; fileRef = 9CD77A5E2C305298004885D8 /* TodoListViewModel.swift */; };
		9CD77A622C3054D9004885D8 /* ColorTheme.swift in Sources */ = {isa = PBXBuildFile; fileRef = 9CD77A612C3054D9004885D8 /* ColorTheme.swift */; };
		9CED36BB2C308DA700684861 /* AppFont.swift in Sources */ = {isa = PBXBuildFile; fileRef = 9CED36BA2C308DA700684861 /* AppFont.swift */; };
		9CF3A2602C348F5200813B69 /* SuccessSwipeButton.swift in Sources */ = {isa = PBXBuildFile; fileRef = 9CF3A25F2C348F5100813B69 /* SuccessSwipeButton.swift */; };
		9CF3A2622C348FCA00813B69 /* DeleteSwipeButton.swift in Sources */ = {isa = PBXBuildFile; fileRef = 9CF3A2612C348FCA00813B69 /* DeleteSwipeButton.swift */; };
		9CF3A2642C34909500813B69 /* DetailsSwipeButton.swift in Sources */ = {isa = PBXBuildFile; fileRef = 9CF3A2632C34909500813B69 /* DetailsSwipeButton.swift */; };
		C7EA836C71ED8987AD7E94CF /* Pods_TodoListApp_TodoListAppUITests.framework in Frameworks */ = {isa = PBXBuildFile; fileRef = B92ACBF5405BCD21117CA024 /* Pods_TodoListApp_TodoListAppUITests.framework */; };
/* End PBXBuildFile section */

/* Begin PBXContainerItemProxy section */
		9C441A192C205E3A00CED704 /* PBXContainerItemProxy */ = {
			isa = PBXContainerItemProxy;
			containerPortal = 9C441A002C205E3600CED704 /* Project object */;
			proxyType = 1;
			remoteGlobalIDString = 9C441A072C205E3600CED704;
			remoteInfo = TodoListApp;
		};
		9C441A232C205E3A00CED704 /* PBXContainerItemProxy */ = {
			isa = PBXContainerItemProxy;
			containerPortal = 9C441A002C205E3600CED704 /* Project object */;
			proxyType = 1;
			remoteGlobalIDString = 9C441A072C205E3600CED704;
			remoteInfo = TodoListApp;
		};
/* End PBXContainerItemProxy section */

/* Begin PBXFileReference section */
		31AE05EA294610B6C848F468 /* Pods-TodoListAppTests.debug.xcconfig */ = {isa = PBXFileReference; includeInIndex = 1; lastKnownFileType = text.xcconfig; name = "Pods-TodoListAppTests.debug.xcconfig"; path = "Target Support Files/Pods-TodoListAppTests/Pods-TodoListAppTests.debug.xcconfig"; sourceTree = "<group>"; };
		3F8184AF9E056724ADEA32DD /* Pods-TodoListApp-TodoListAppUITests.debug.xcconfig */ = {isa = PBXFileReference; includeInIndex = 1; lastKnownFileType = text.xcconfig; name = "Pods-TodoListApp-TodoListAppUITests.debug.xcconfig"; path = "Target Support Files/Pods-TodoListApp-TodoListAppUITests/Pods-TodoListApp-TodoListAppUITests.debug.xcconfig"; sourceTree = "<group>"; };
		6DAD977DFC63D9122EE00560 /* Pods-TodoListApp.debug.xcconfig */ = {isa = PBXFileReference; includeInIndex = 1; lastKnownFileType = text.xcconfig; name = "Pods-TodoListApp.debug.xcconfig"; path = "Target Support Files/Pods-TodoListApp/Pods-TodoListApp.debug.xcconfig"; sourceTree = "<group>"; };
		7C9C51FB4D153CF6F49E8C4C /* Pods_TodoListAppTests.framework */ = {isa = PBXFileReference; explicitFileType = wrapper.framework; includeInIndex = 0; path = Pods_TodoListAppTests.framework; sourceTree = BUILT_PRODUCTS_DIR; };
		9C0C36202C35C2780049798F /* Color + Extensions.swift */ = {isa = PBXFileReference; lastKnownFileType = sourcecode.swift; path = "Color + Extensions.swift"; sourceTree = "<group>"; };
		9C243D932C35882A009B3EF8 /* ColorCell.swift */ = {isa = PBXFileReference; lastKnownFileType = sourcecode.swift; path = ColorCell.swift; sourceTree = "<group>"; };
		9C243D952C3592C6009B3EF8 /* Gradient + Extensions.swift */ = {isa = PBXFileReference; lastKnownFileType = sourcecode.swift; path = "Gradient + Extensions.swift"; sourceTree = "<group>"; };
		9C243D982C35B730009B3EF8 /* HueSlider.swift */ = {isa = PBXFileReference; lastKnownFileType = sourcecode.swift; path = HueSlider.swift; sourceTree = "<group>"; };
		9C243D9A2C35B808009B3EF8 /* ColorPicker.swift */ = {isa = PBXFileReference; lastKnownFileType = sourcecode.swift; path = ColorPicker.swift; sourceTree = "<group>"; };
		9C441A082C205E3600CED704 /* TodoListApp.app */ = {isa = PBXFileReference; explicitFileType = wrapper.application; includeInIndex = 0; path = TodoListApp.app; sourceTree = BUILT_PRODUCTS_DIR; };
		9C441A0B2C205E3600CED704 /* TodoListApp.swift */ = {isa = PBXFileReference; lastKnownFileType = sourcecode.swift; path = TodoListApp.swift; sourceTree = "<group>"; };
		9C441A0D2C205E3600CED704 /* TodoListView.swift */ = {isa = PBXFileReference; lastKnownFileType = sourcecode.swift; path = TodoListView.swift; sourceTree = "<group>"; };
		9C441A0F2C205E3900CED704 /* Assets.xcassets */ = {isa = PBXFileReference; lastKnownFileType = folder.assetcatalog; path = Assets.xcassets; sourceTree = "<group>"; };
		9C441A122C205E3900CED704 /* Preview Assets.xcassets */ = {isa = PBXFileReference; lastKnownFileType = folder.assetcatalog; path = "Preview Assets.xcassets"; sourceTree = "<group>"; };
		9C441A182C205E3A00CED704 /* TodoListAppTests.xctest */ = {isa = PBXFileReference; explicitFileType = wrapper.cfbundle; includeInIndex = 0; path = TodoListAppTests.xctest; sourceTree = BUILT_PRODUCTS_DIR; };
		9C441A1C2C205E3A00CED704 /* TodoItemTests.swift */ = {isa = PBXFileReference; lastKnownFileType = sourcecode.swift; path = TodoItemTests.swift; sourceTree = "<group>"; };
		9C441A222C205E3A00CED704 /* TodoListAppUITests.xctest */ = {isa = PBXFileReference; explicitFileType = wrapper.cfbundle; includeInIndex = 0; path = TodoListAppUITests.xctest; sourceTree = BUILT_PRODUCTS_DIR; };
		9C441A262C205E3A00CED704 /* TodoListAppUITests.swift */ = {isa = PBXFileReference; lastKnownFileType = sourcecode.swift; path = TodoListAppUITests.swift; sourceTree = "<group>"; };
		9C441A282C205E3A00CED704 /* TodoListAppUITestsLaunchTests.swift */ = {isa = PBXFileReference; lastKnownFileType = sourcecode.swift; path = TodoListAppUITestsLaunchTests.swift; sourceTree = "<group>"; };
		9C441A362C2060C300CED704 /* TodoItem.swift */ = {isa = PBXFileReference; lastKnownFileType = sourcecode.swift; path = TodoItem.swift; sourceTree = "<group>"; };
		9C441A392C20646D00CED704 /* FileCache.swift */ = {isa = PBXFileReference; lastKnownFileType = sourcecode.swift; path = FileCache.swift; sourceTree = "<group>"; };
		9C441A3C2C21C85000CED704 /* FileManager + Extension.swift */ = {isa = PBXFileReference; lastKnownFileType = sourcecode.swift; path = "FileManager + Extension.swift"; sourceTree = "<group>"; };
		9C4667C02C4002E500F4AC81 /* LogFormatter.swift */ = {isa = PBXFileReference; lastKnownFileType = sourcecode.swift; path = LogFormatter.swift; sourceTree = "<group>"; };
		9C4667C22C4004E400F4AC81 /* Logger.swift */ = {isa = PBXFileReference; lastKnownFileType = sourcecode.swift; path = Logger.swift; sourceTree = "<group>"; };
		9C4667C82C412D9900F4AC81 /* URLSession + Extensions.swift */ = {isa = PBXFileReference; lastKnownFileType = sourcecode.swift; path = "URLSession + Extensions.swift"; sourceTree = "<group>"; };
		9C5389FE2C4A661500AFB9DC /* API.swift */ = {isa = PBXFileReference; lastKnownFileType = sourcecode.swift; path = API.swift; sourceTree = "<group>"; };
		9C538A002C4A661F00AFB9DC /* NetworkingService.swift */ = {isa = PBXFileReference; lastKnownFileType = sourcecode.swift; path = NetworkingService.swift; sourceTree = "<group>"; };
		9C538A022C4A663000AFB9DC /* DefaultNetworkingService.swift */ = {isa = PBXFileReference; lastKnownFileType = sourcecode.swift; path = DefaultNetworkingService.swift; sourceTree = "<group>"; };
		9C564E2D2C32E5B500E2EE78 /* FilterOption.swift */ = {isa = PBXFileReference; lastKnownFileType = sourcecode.swift; path = FilterOption.swift; sourceTree = "<group>"; };
		9C564E312C32FF7E00E2EE78 /* TodoDetailView.swift */ = {isa = PBXFileReference; lastKnownFileType = sourcecode.swift; path = TodoDetailView.swift; sourceTree = "<group>"; };
		9C564E332C32FF8700E2EE78 /* TodoDetailViewModel.swift */ = {isa = PBXFileReference; lastKnownFileType = sourcecode.swift; path = TodoDetailViewModel.swift; sourceTree = "<group>"; };
		9C564E372C3338D300E2EE78 /* TextFieldCell.swift */ = {isa = PBXFileReference; lastKnownFileType = sourcecode.swift; path = TextFieldCell.swift; sourceTree = "<group>"; };
		9C5A5F432C382E6900105632 /* CalendarViewModel.swift */ = {isa = PBXFileReference; lastKnownFileType = sourcecode.swift; path = CalendarViewModel.swift; sourceTree = "<group>"; };
		9C5A5F452C3831C800105632 /* VerticalCalendarViewCell.swift */ = {isa = PBXFileReference; lastKnownFileType = sourcecode.swift; path = VerticalCalendarViewCell.swift; sourceTree = "<group>"; };
		9C5A5F472C38320100105632 /* HorizontalCalendarViewCell.swift */ = {isa = PBXFileReference; lastKnownFileType = sourcecode.swift; path = HorizontalCalendarViewCell.swift; sourceTree = "<group>"; };
		9C5A5F492C383A0000105632 /* UILabel + Extensions.swift */ = {isa = PBXFileReference; lastKnownFileType = sourcecode.swift; path = "UILabel + Extensions.swift"; sourceTree = "<group>"; };
		9C5A5F4C2C38435800105632 /* HorizontalCalendarView.swift */ = {isa = PBXFileReference; lastKnownFileType = sourcecode.swift; path = HorizontalCalendarView.swift; sourceTree = "<group>"; };
		9C5A5F4E2C385B3100105632 /* VerticalCalendarView.swift */ = {isa = PBXFileReference; lastKnownFileType = sourcecode.swift; path = VerticalCalendarView.swift; sourceTree = "<group>"; };
		9C62D73B2C3172B800316F0B /* AddNewItemButton.swift */ = {isa = PBXFileReference; lastKnownFileType = sourcecode.swift; path = AddNewItemButton.swift; sourceTree = "<group>"; };
		9C6DA3952C303B0E002F2B6B /* Priority.swift */ = {isa = PBXFileReference; lastKnownFileType = sourcecode.swift; path = Priority.swift; sourceTree = "<group>"; };
		9C8F5DE62C31AB2B00DAE22C /* TodoItemCell.swift */ = {isa = PBXFileReference; lastKnownFileType = sourcecode.swift; path = TodoItemCell.swift; sourceTree = "<group>"; };
		9C8F5DE82C31BE6000DAE22C /* Priority + Extensions.swift */ = {isa = PBXFileReference; lastKnownFileType = sourcecode.swift; path = "Priority + Extensions.swift"; sourceTree = "<group>"; };
		9C8F5DEA2C31C81B00DAE22C /* Date + Extensions.swift */ = {isa = PBXFileReference; lastKnownFileType = sourcecode.swift; path = "Date + Extensions.swift"; sourceTree = "<group>"; };
		9C8F5DEE2C32DAC300DAE22C /* NewItemCell.swift */ = {isa = PBXFileReference; lastKnownFileType = sourcecode.swift; path = NewItemCell.swift; sourceTree = "<group>"; };
		9C8F5DF02C32DF3D00DAE22C /* ListHeader.swift */ = {isa = PBXFileReference; lastKnownFileType = sourcecode.swift; path = ListHeader.swift; sourceTree = "<group>"; };
		9C8F5DF22C32E4BB00DAE22C /* SortOption.swift */ = {isa = PBXFileReference; lastKnownFileType = sourcecode.swift; path = SortOption.swift; sourceTree = "<group>"; };
		9CAC0D4E2C38CC3A004570E0 /* Category.swift */ = {isa = PBXFileReference; lastKnownFileType = sourcecode.swift; path = Category.swift; sourceTree = "<group>"; };
		9CAC0D502C38CD69004570E0 /* CategoryCell.swift */ = {isa = PBXFileReference; lastKnownFileType = sourcecode.swift; path = CategoryCell.swift; sourceTree = "<group>"; };
		9CAC0D522C38D1EA004570E0 /* CategoryColorCircle.swift */ = {isa = PBXFileReference; lastKnownFileType = sourcecode.swift; path = CategoryColorCircle.swift; sourceTree = "<group>"; };
		9CAC0D542C38D8BB004570E0 /* CategoryViewModel.swift */ = {isa = PBXFileReference; lastKnownFileType = sourcecode.swift; path = CategoryViewModel.swift; sourceTree = "<group>"; };
		9CAC0D572C38F976004570E0 /* CategoryCreator.swift */ = {isa = PBXFileReference; lastKnownFileType = sourcecode.swift; path = CategoryCreator.swift; sourceTree = "<group>"; };
		9CAC0D592C38FB3E004570E0 /* ColorPickerNavWrapper.swift */ = {isa = PBXFileReference; lastKnownFileType = sourcecode.swift; path = ColorPickerNavWrapper.swift; sourceTree = "<group>"; };
		9CC2DEB52C34339400A70FE5 /* DeadlineCell.swift */ = {isa = PBXFileReference; lastKnownFileType = sourcecode.swift; path = DeadlineCell.swift; sourceTree = "<group>"; };
		9CC2DEB72C34344300A70FE5 /* ImportanceCell.swift */ = {isa = PBXFileReference; lastKnownFileType = sourcecode.swift; path = ImportanceCell.swift; sourceTree = "<group>"; };
		9CC780152C37D5BB00A698FA /* UICalendarViewControllerRepresentable.swift */ = {isa = PBXFileReference; lastKnownFileType = sourcecode.swift; path = UICalendarViewControllerRepresentable.swift; sourceTree = "<group>"; };
		9CC780172C37D6B900A698FA /* CalendarViewController.swift */ = {isa = PBXFileReference; lastKnownFileType = sourcecode.swift; path = CalendarViewController.swift; sourceTree = "<group>"; };
		9CD77A5E2C305298004885D8 /* TodoListViewModel.swift */ = {isa = PBXFileReference; lastKnownFileType = sourcecode.swift; path = TodoListViewModel.swift; sourceTree = "<group>"; };
		9CD77A612C3054D9004885D8 /* ColorTheme.swift */ = {isa = PBXFileReference; lastKnownFileType = sourcecode.swift; path = ColorTheme.swift; sourceTree = "<group>"; };
		9CED36BA2C308DA700684861 /* AppFont.swift */ = {isa = PBXFileReference; lastKnownFileType = sourcecode.swift; path = AppFont.swift; sourceTree = "<group>"; };
		9CF3A25F2C348F5100813B69 /* SuccessSwipeButton.swift */ = {isa = PBXFileReference; lastKnownFileType = sourcecode.swift; path = SuccessSwipeButton.swift; sourceTree = "<group>"; };
		9CF3A2612C348FCA00813B69 /* DeleteSwipeButton.swift */ = {isa = PBXFileReference; lastKnownFileType = sourcecode.swift; path = DeleteSwipeButton.swift; sourceTree = "<group>"; };
		9CF3A2632C34909500813B69 /* DetailsSwipeButton.swift */ = {isa = PBXFileReference; lastKnownFileType = sourcecode.swift; path = DetailsSwipeButton.swift; sourceTree = "<group>"; };
		AB78D3DD3C0361194C2DD1BB /* Pods_TodoListApp.framework */ = {isa = PBXFileReference; explicitFileType = wrapper.framework; includeInIndex = 0; path = Pods_TodoListApp.framework; sourceTree = BUILT_PRODUCTS_DIR; };
		B92ACBF5405BCD21117CA024 /* Pods_TodoListApp_TodoListAppUITests.framework */ = {isa = PBXFileReference; explicitFileType = wrapper.framework; includeInIndex = 0; path = Pods_TodoListApp_TodoListAppUITests.framework; sourceTree = BUILT_PRODUCTS_DIR; };
		BAE23FFEB582CCFE2DED43F3 /* Pods-TodoListAppTests.release.xcconfig */ = {isa = PBXFileReference; includeInIndex = 1; lastKnownFileType = text.xcconfig; name = "Pods-TodoListAppTests.release.xcconfig"; path = "Target Support Files/Pods-TodoListAppTests/Pods-TodoListAppTests.release.xcconfig"; sourceTree = "<group>"; };
		C23735BFBC265F9B055AFB80 /* Pods-TodoListApp-TodoListAppUITests.release.xcconfig */ = {isa = PBXFileReference; includeInIndex = 1; lastKnownFileType = text.xcconfig; name = "Pods-TodoListApp-TodoListAppUITests.release.xcconfig"; path = "Target Support Files/Pods-TodoListApp-TodoListAppUITests/Pods-TodoListApp-TodoListAppUITests.release.xcconfig"; sourceTree = "<group>"; };
		ECB10046831314C125E06AE5 /* Pods-TodoListApp.release.xcconfig */ = {isa = PBXFileReference; includeInIndex = 1; lastKnownFileType = text.xcconfig; name = "Pods-TodoListApp.release.xcconfig"; path = "Target Support Files/Pods-TodoListApp/Pods-TodoListApp.release.xcconfig"; sourceTree = "<group>"; };
/* End PBXFileReference section */

/* Begin PBXFrameworksBuildPhase section */
		9C441A052C205E3600CED704 /* Frameworks */ = {
			isa = PBXFrameworksBuildPhase;
			buildActionMask = 2147483647;
			files = (
				9C4667BD2C3FFE5000F4AC81 /* CocoaLumberjackSwift in Frameworks */,
				9C4667BF2C3FFE5000F4AC81 /* CocoaLumberjackSwiftLogBackend in Frameworks */,
				9C4667C72C4057A200F4AC81 /* FileManaging in Frameworks */,
				9C4667BB2C3FFE5000F4AC81 /* CocoaLumberjack in Frameworks */,
			);
			runOnlyForDeploymentPostprocessing = 0;
		};
		9C441A152C205E3A00CED704 /* Frameworks */ = {
			isa = PBXFrameworksBuildPhase;
			buildActionMask = 2147483647;
			files = (
				95D7E08CA108E3F96A6C88AB /* Pods_TodoListAppTests.framework in Frameworks */,
			);
			runOnlyForDeploymentPostprocessing = 0;
		};
		9C441A1F2C205E3A00CED704 /* Frameworks */ = {
			isa = PBXFrameworksBuildPhase;
			buildActionMask = 2147483647;
			files = (
				C7EA836C71ED8987AD7E94CF /* Pods_TodoListApp_TodoListAppUITests.framework in Frameworks */,
			);
			runOnlyForDeploymentPostprocessing = 0;
		};
/* End PBXFrameworksBuildPhase section */

/* Begin PBXGroup section */
		12C213F6B3EBB9859250CDF9 /* Pods */ = {
			isa = PBXGroup;
			children = (
				6DAD977DFC63D9122EE00560 /* Pods-TodoListApp.debug.xcconfig */,
				ECB10046831314C125E06AE5 /* Pods-TodoListApp.release.xcconfig */,
				3F8184AF9E056724ADEA32DD /* Pods-TodoListApp-TodoListAppUITests.debug.xcconfig */,
				C23735BFBC265F9B055AFB80 /* Pods-TodoListApp-TodoListAppUITests.release.xcconfig */,
				31AE05EA294610B6C848F468 /* Pods-TodoListAppTests.debug.xcconfig */,
				BAE23FFEB582CCFE2DED43F3 /* Pods-TodoListAppTests.release.xcconfig */,
			);
			path = Pods;
			sourceTree = "<group>";
		};
		9C243D972C35B70F009B3EF8 /* ColorPicker */ = {
			isa = PBXGroup;
			children = (
				9C243D982C35B730009B3EF8 /* HueSlider.swift */,
				9C243D9A2C35B808009B3EF8 /* ColorPicker.swift */,
				9CAC0D592C38FB3E004570E0 /* ColorPickerNavWrapper.swift */,
			);
			path = ColorPicker;
			sourceTree = "<group>";
		};
		9C2F35FD2C3700FE009D26A5 /* Calendar */ = {
			isa = PBXGroup;
			children = (
				9C2F35FF2C370117009D26A5 /* Views */,
				9C2F35FE2C370109009D26A5 /* Controllers */,
			);
			path = Calendar;
			sourceTree = "<group>";
		};
		9C2F35FE2C370109009D26A5 /* Controllers */ = {
			isa = PBXGroup;
			children = (
				9CC780142C37D59C00A698FA /* Representable */,
				9CC780172C37D6B900A698FA /* CalendarViewController.swift */,
				9C5A5F432C382E6900105632 /* CalendarViewModel.swift */,
			);
			path = Controllers;
			sourceTree = "<group>";
		};
		9C2F35FF2C370117009D26A5 /* Views */ = {
			isa = PBXGroup;
			children = (
				9C5A5F4B2C38432D00105632 /* Cells */,
				9C5A5F4C2C38435800105632 /* HorizontalCalendarView.swift */,
				9C5A5F4E2C385B3100105632 /* VerticalCalendarView.swift */,
			);
			path = Views;
			sourceTree = "<group>";
		};
		9C4419FF2C205E3600CED704 = {
			isa = PBXGroup;
			children = (
				9C441A0A2C205E3600CED704 /* TodoListApp */,
				9C441A1B2C205E3A00CED704 /* TodoListAppTests */,
				9C441A252C205E3A00CED704 /* TodoListAppUITests */,
				9C441A092C205E3600CED704 /* Products */,
				12C213F6B3EBB9859250CDF9 /* Pods */,
				C82B587DF9B6881551C08C2C /* Frameworks */,
			);
			sourceTree = "<group>";
		};
		9C441A092C205E3600CED704 /* Products */ = {
			isa = PBXGroup;
			children = (
				9C441A082C205E3600CED704 /* TodoListApp.app */,
				9C441A182C205E3A00CED704 /* TodoListAppTests.xctest */,
				9C441A222C205E3A00CED704 /* TodoListAppUITests.xctest */,
			);
			name = Products;
			sourceTree = "<group>";
		};
		9C441A0A2C205E3600CED704 /* TodoListApp */ = {
			isa = PBXGroup;
			children = (
				9C5389FB2C4A65ED00AFB9DC /* Services */,
				9C2F35FD2C3700FE009D26A5 /* Calendar */,
				9CD77A602C3052B9004885D8 /* Application */,
				9C6DA3992C303BE3002F2B6B /* Views */,
				9C6DA3972C303BCB002F2B6B /* Resources */,
				9C6DA3942C303AFB002F2B6B /* Enums */,
				9C441A3B2C21C83700CED704 /* Extensions */,
				9C441A382C20645B00CED704 /* Managers */,
				9C441A352C2060B600CED704 /* Models */,
				9C441A112C205E3900CED704 /* Preview Content */,
			);
			path = TodoListApp;
			sourceTree = "<group>";
		};
		9C441A112C205E3900CED704 /* Preview Content */ = {
			isa = PBXGroup;
			children = (
				9C441A122C205E3900CED704 /* Preview Assets.xcassets */,
			);
			path = "Preview Content";
			sourceTree = "<group>";
		};
		9C441A1B2C205E3A00CED704 /* TodoListAppTests */ = {
			isa = PBXGroup;
			children = (
				9C441A1C2C205E3A00CED704 /* TodoItemTests.swift */,
			);
			path = TodoListAppTests;
			sourceTree = "<group>";
		};
		9C441A252C205E3A00CED704 /* TodoListAppUITests */ = {
			isa = PBXGroup;
			children = (
				9C441A262C205E3A00CED704 /* TodoListAppUITests.swift */,
				9C441A282C205E3A00CED704 /* TodoListAppUITestsLaunchTests.swift */,
			);
			path = TodoListAppUITests;
			sourceTree = "<group>";
		};
		9C441A352C2060B600CED704 /* Models */ = {
			isa = PBXGroup;
			children = (
				9C441A362C2060C300CED704 /* TodoItem.swift */,
				9CAC0D4E2C38CC3A004570E0 /* Category.swift */,
			);
			path = Models;
			sourceTree = "<group>";
		};
		9C441A382C20645B00CED704 /* Managers */ = {
			isa = PBXGroup;
			children = (
				9C441A392C20646D00CED704 /* FileCache.swift */,
				9C4667C02C4002E500F4AC81 /* LogFormatter.swift */,
				9C4667C22C4004E400F4AC81 /* Logger.swift */,
			);
			path = Managers;
			sourceTree = "<group>";
		};
		9C441A3B2C21C83700CED704 /* Extensions */ = {
			isa = PBXGroup;
			children = (
				9C441A3C2C21C85000CED704 /* FileManager + Extension.swift */,
				9C8F5DE82C31BE6000DAE22C /* Priority + Extensions.swift */,
				9C8F5DEA2C31C81B00DAE22C /* Date + Extensions.swift */,
				9C243D952C3592C6009B3EF8 /* Gradient + Extensions.swift */,
				9C0C36202C35C2780049798F /* Color + Extensions.swift */,
				9C5A5F492C383A0000105632 /* UILabel + Extensions.swift */,
				9C4667C82C412D9900F4AC81 /* URLSession + Extensions.swift */,
			);
			path = Extensions;
			sourceTree = "<group>";
		};
		9C5389FB2C4A65ED00AFB9DC /* Services */ = {
			isa = PBXGroup;
			children = (
				9C5389FC2C4A65F200AFB9DC /* Networking */,
			);
			path = Services;
			sourceTree = "<group>";
		};
		9C5389FC2C4A65F200AFB9DC /* Networking */ = {
			isa = PBXGroup;
			children = (
				9C5389FE2C4A661500AFB9DC /* API.swift */,
				9C538A002C4A661F00AFB9DC /* NetworkingService.swift */,
				9C538A022C4A663000AFB9DC /* DefaultNetworkingService.swift */,
			);
			path = Networking;
			sourceTree = "<group>";
		};
		9C564E2F2C32FF6200E2EE78 /* TodoDetail */ = {
			isa = PBXGroup;
			children = (
				9C564E302C32FF6D00E2EE78 /* Components */,
				9C564E312C32FF7E00E2EE78 /* TodoDetailView.swift */,
				9C564E332C32FF8700E2EE78 /* TodoDetailViewModel.swift */,
			);
			path = TodoDetail;
			sourceTree = "<group>";
		};
		9C564E302C32FF6D00E2EE78 /* Components */ = {
			isa = PBXGroup;
			children = (
				9C243D972C35B70F009B3EF8 /* ColorPicker */,
				9C564E372C3338D300E2EE78 /* TextFieldCell.swift */,
				9CC2DEB52C34339400A70FE5 /* DeadlineCell.swift */,
				9CC2DEB72C34344300A70FE5 /* ImportanceCell.swift */,
				9C243D932C35882A009B3EF8 /* ColorCell.swift */,
				9CAC0D502C38CD69004570E0 /* CategoryCell.swift */,
				9CAC0D522C38D1EA004570E0 /* CategoryColorCircle.swift */,
				9CAC0D572C38F976004570E0 /* CategoryCreator.swift */,
			);
			path = Components;
			sourceTree = "<group>";
		};
		9C5A5F4B2C38432D00105632 /* Cells */ = {
			isa = PBXGroup;
			children = (
				9C5A5F452C3831C800105632 /* VerticalCalendarViewCell.swift */,
				9C5A5F472C38320100105632 /* HorizontalCalendarViewCell.swift */,
			);
			path = Cells;
			sourceTree = "<group>";
		};
		9C6DA3942C303AFB002F2B6B /* Enums */ = {
			isa = PBXGroup;
			children = (
				9C6DA3952C303B0E002F2B6B /* Priority.swift */,
				9CD77A612C3054D9004885D8 /* ColorTheme.swift */,
				9CED36BA2C308DA700684861 /* AppFont.swift */,
				9C8F5DF22C32E4BB00DAE22C /* SortOption.swift */,
				9C564E2D2C32E5B500E2EE78 /* FilterOption.swift */,
			);
			path = Enums;
			sourceTree = "<group>";
		};
		9C6DA3972C303BCB002F2B6B /* Resources */ = {
			isa = PBXGroup;
			children = (
				9C441A0F2C205E3900CED704 /* Assets.xcassets */,
			);
			path = Resources;
			sourceTree = "<group>";
		};
		9C6DA3992C303BE3002F2B6B /* Views */ = {
			isa = PBXGroup;
			children = (
				9C564E2F2C32FF6200E2EE78 /* TodoDetail */,
				9CD77A5A2C304EDF004885D8 /* TodoList */,
			);
			path = Views;
			sourceTree = "<group>";
		};
		9CC780142C37D59C00A698FA /* Representable */ = {
			isa = PBXGroup;
			children = (
				9CC780152C37D5BB00A698FA /* UICalendarViewControllerRepresentable.swift */,
			);
			path = Representable;
			sourceTree = "<group>";
		};
		9CD77A5A2C304EDF004885D8 /* TodoList */ = {
			isa = PBXGroup;
			children = (
				9CD77A5D2C30518E004885D8 /* Components */,
				9C441A0D2C205E3600CED704 /* TodoListView.swift */,
				9CAC0D542C38D8BB004570E0 /* CategoryViewModel.swift */,
				9CD77A5E2C305298004885D8 /* TodoListViewModel.swift */,
			);
			path = TodoList;
			sourceTree = "<group>";
		};
		9CD77A5D2C30518E004885D8 /* Components */ = {
			isa = PBXGroup;
			children = (
				9C62D73B2C3172B800316F0B /* AddNewItemButton.swift */,
				9C8F5DE62C31AB2B00DAE22C /* TodoItemCell.swift */,
				9C8F5DEE2C32DAC300DAE22C /* NewItemCell.swift */,
				9C8F5DF02C32DF3D00DAE22C /* ListHeader.swift */,
				9CF3A25F2C348F5100813B69 /* SuccessSwipeButton.swift */,
				9CF3A2612C348FCA00813B69 /* DeleteSwipeButton.swift */,
				9CF3A2632C34909500813B69 /* DetailsSwipeButton.swift */,
			);
			path = Components;
			sourceTree = "<group>";
		};
		9CD77A602C3052B9004885D8 /* Application */ = {
			isa = PBXGroup;
			children = (
				9C441A0B2C205E3600CED704 /* TodoListApp.swift */,
			);
			path = Application;
			sourceTree = "<group>";
		};
		C82B587DF9B6881551C08C2C /* Frameworks */ = {
			isa = PBXGroup;
			children = (
				AB78D3DD3C0361194C2DD1BB /* Pods_TodoListApp.framework */,
				B92ACBF5405BCD21117CA024 /* Pods_TodoListApp_TodoListAppUITests.framework */,
				7C9C51FB4D153CF6F49E8C4C /* Pods_TodoListAppTests.framework */,
			);
			name = Frameworks;
			sourceTree = "<group>";
		};
/* End PBXGroup section */

/* Begin PBXNativeTarget section */
		9C441A072C205E3600CED704 /* TodoListApp */ = {
			isa = PBXNativeTarget;
			buildConfigurationList = 9C441A2C2C205E3A00CED704 /* Build configuration list for PBXNativeTarget "TodoListApp" */;
			buildPhases = (
				9C4667C42C40206400F4AC81 /* Run SwiftLint */,
				2C572FFCF6C50A527926B9C6 /* [CP] Check Pods Manifest.lock */,
				9C441A042C205E3600CED704 /* Sources */,
				9C441A052C205E3600CED704 /* Frameworks */,
				9C441A062C205E3600CED704 /* Resources */,
			);
			buildRules = (
			);
			dependencies = (
			);
			name = TodoListApp;
			packageProductDependencies = (
				9C4667BA2C3FFE5000F4AC81 /* CocoaLumberjack */,
				9C4667BC2C3FFE5000F4AC81 /* CocoaLumberjackSwift */,
				9C4667BE2C3FFE5000F4AC81 /* CocoaLumberjackSwiftLogBackend */,
				9C4667C62C4057A200F4AC81 /* FileManaging */,
			);
			productName = TodoListApp;
			productReference = 9C441A082C205E3600CED704 /* TodoListApp.app */;
			productType = "com.apple.product-type.application";
		};
		9C441A172C205E3A00CED704 /* TodoListAppTests */ = {
			isa = PBXNativeTarget;
			buildConfigurationList = 9C441A2F2C205E3A00CED704 /* Build configuration list for PBXNativeTarget "TodoListAppTests" */;
			buildPhases = (
				39EB6F51F4164236CE9CAF06 /* [CP] Check Pods Manifest.lock */,
				9C441A142C205E3A00CED704 /* Sources */,
				9C441A152C205E3A00CED704 /* Frameworks */,
				9C441A162C205E3A00CED704 /* Resources */,
			);
			buildRules = (
			);
			dependencies = (
				9C441A1A2C205E3A00CED704 /* PBXTargetDependency */,
			);
			name = TodoListAppTests;
			productName = TodoListAppTests;
			productReference = 9C441A182C205E3A00CED704 /* TodoListAppTests.xctest */;
			productType = "com.apple.product-type.bundle.unit-test";
		};
		9C441A212C205E3A00CED704 /* TodoListAppUITests */ = {
			isa = PBXNativeTarget;
			buildConfigurationList = 9C441A322C205E3A00CED704 /* Build configuration list for PBXNativeTarget "TodoListAppUITests" */;
			buildPhases = (
				075E8F0F1341B863DA11187D /* [CP] Check Pods Manifest.lock */,
				9C441A1E2C205E3A00CED704 /* Sources */,
				9C441A1F2C205E3A00CED704 /* Frameworks */,
				9C441A202C205E3A00CED704 /* Resources */,
			);
			buildRules = (
			);
			dependencies = (
				9C441A242C205E3A00CED704 /* PBXTargetDependency */,
			);
			name = TodoListAppUITests;
			productName = TodoListAppUITests;
			productReference = 9C441A222C205E3A00CED704 /* TodoListAppUITests.xctest */;
			productType = "com.apple.product-type.bundle.ui-testing";
		};
/* End PBXNativeTarget section */

/* Begin PBXProject section */
		9C441A002C205E3600CED704 /* Project object */ = {
			isa = PBXProject;
			attributes = {
				BuildIndependentTargetsInParallel = 1;
				LastSwiftUpdateCheck = 1520;
				LastUpgradeCheck = 1520;
				TargetAttributes = {
					9C441A072C205E3600CED704 = {
						CreatedOnToolsVersion = 15.2;
					};
					9C441A172C205E3A00CED704 = {
						CreatedOnToolsVersion = 15.2;
						TestTargetID = 9C441A072C205E3600CED704;
					};
					9C441A212C205E3A00CED704 = {
						CreatedOnToolsVersion = 15.2;
						TestTargetID = 9C441A072C205E3600CED704;
					};
				};
			};
			buildConfigurationList = 9C441A032C205E3600CED704 /* Build configuration list for PBXProject "TodoListApp" */;
			compatibilityVersion = "Xcode 14.0";
			developmentRegion = en;
			hasScannedForEncodings = 0;
			knownRegions = (
				en,
				Base,
			);
			mainGroup = 9C4419FF2C205E3600CED704;
			packageReferences = (
				9C4667B92C3FFD2F00F4AC81 /* XCRemoteSwiftPackageReference "CocoaLumberjack" */,
				9C4667C52C4057A200F4AC81 /* XCRemoteSwiftPackageReference "FileManaging" */,
			);
			productRefGroup = 9C441A092C205E3600CED704 /* Products */;
			projectDirPath = "";
			projectRoot = "";
			targets = (
				9C441A072C205E3600CED704 /* TodoListApp */,
				9C441A172C205E3A00CED704 /* TodoListAppTests */,
				9C441A212C205E3A00CED704 /* TodoListAppUITests */,
			);
		};
/* End PBXProject section */

/* Begin PBXResourcesBuildPhase section */
		9C441A062C205E3600CED704 /* Resources */ = {
			isa = PBXResourcesBuildPhase;
			buildActionMask = 2147483647;
			files = (
				9C441A132C205E3900CED704 /* Preview Assets.xcassets in Resources */,
				9C441A102C205E3900CED704 /* Assets.xcassets in Resources */,
			);
			runOnlyForDeploymentPostprocessing = 0;
		};
		9C441A162C205E3A00CED704 /* Resources */ = {
			isa = PBXResourcesBuildPhase;
			buildActionMask = 2147483647;
			files = (
			);
			runOnlyForDeploymentPostprocessing = 0;
		};
		9C441A202C205E3A00CED704 /* Resources */ = {
			isa = PBXResourcesBuildPhase;
			buildActionMask = 2147483647;
			files = (
			);
			runOnlyForDeploymentPostprocessing = 0;
		};
/* End PBXResourcesBuildPhase section */

/* Begin PBXShellScriptBuildPhase section */
		075E8F0F1341B863DA11187D /* [CP] Check Pods Manifest.lock */ = {
			isa = PBXShellScriptBuildPhase;
			buildActionMask = 2147483647;
			files = (
			);
			inputFileListPaths = (
			);
			inputPaths = (
				"${PODS_PODFILE_DIR_PATH}/Podfile.lock",
				"${PODS_ROOT}/Manifest.lock",
			);
			name = "[CP] Check Pods Manifest.lock";
			outputFileListPaths = (
			);
			outputPaths = (
				"$(DERIVED_FILE_DIR)/Pods-TodoListApp-TodoListAppUITests-checkManifestLockResult.txt",
			);
			runOnlyForDeploymentPostprocessing = 0;
			shellPath = /bin/sh;
			shellScript = "diff \"${PODS_PODFILE_DIR_PATH}/Podfile.lock\" \"${PODS_ROOT}/Manifest.lock\" > /dev/null\nif [ $? != 0 ] ; then\n    # print error to STDERR\n    echo \"error: The sandbox is not in sync with the Podfile.lock. Run 'pod install' or update your CocoaPods installation.\" >&2\n    exit 1\nfi\n# This output is used by Xcode 'outputs' to avoid re-running this script phase.\necho \"SUCCESS\" > \"${SCRIPT_OUTPUT_FILE_0}\"\n";
			showEnvVarsInLog = 0;
		};
		2C572FFCF6C50A527926B9C6 /* [CP] Check Pods Manifest.lock */ = {
			isa = PBXShellScriptBuildPhase;
			buildActionMask = 2147483647;
			files = (
			);
			inputFileListPaths = (
			);
			inputPaths = (
				"${PODS_PODFILE_DIR_PATH}/Podfile.lock",
				"${PODS_ROOT}/Manifest.lock",
			);
			name = "[CP] Check Pods Manifest.lock";
			outputFileListPaths = (
			);
			outputPaths = (
				"$(DERIVED_FILE_DIR)/Pods-TodoListApp-checkManifestLockResult.txt",
			);
			runOnlyForDeploymentPostprocessing = 0;
			shellPath = /bin/sh;
			shellScript = "diff \"${PODS_PODFILE_DIR_PATH}/Podfile.lock\" \"${PODS_ROOT}/Manifest.lock\" > /dev/null\nif [ $? != 0 ] ; then\n    # print error to STDERR\n    echo \"error: The sandbox is not in sync with the Podfile.lock. Run 'pod install' or update your CocoaPods installation.\" >&2\n    exit 1\nfi\n# This output is used by Xcode 'outputs' to avoid re-running this script phase.\necho \"SUCCESS\" > \"${SCRIPT_OUTPUT_FILE_0}\"\n";
			showEnvVarsInLog = 0;
		};
		39EB6F51F4164236CE9CAF06 /* [CP] Check Pods Manifest.lock */ = {
			isa = PBXShellScriptBuildPhase;
			buildActionMask = 2147483647;
			files = (
			);
			inputFileListPaths = (
			);
			inputPaths = (
				"${PODS_PODFILE_DIR_PATH}/Podfile.lock",
				"${PODS_ROOT}/Manifest.lock",
			);
			name = "[CP] Check Pods Manifest.lock";
			outputFileListPaths = (
			);
			outputPaths = (
				"$(DERIVED_FILE_DIR)/Pods-TodoListAppTests-checkManifestLockResult.txt",
			);
			runOnlyForDeploymentPostprocessing = 0;
			shellPath = /bin/sh;
			shellScript = "diff \"${PODS_PODFILE_DIR_PATH}/Podfile.lock\" \"${PODS_ROOT}/Manifest.lock\" > /dev/null\nif [ $? != 0 ] ; then\n    # print error to STDERR\n    echo \"error: The sandbox is not in sync with the Podfile.lock. Run 'pod install' or update your CocoaPods installation.\" >&2\n    exit 1\nfi\n# This output is used by Xcode 'outputs' to avoid re-running this script phase.\necho \"SUCCESS\" > \"${SCRIPT_OUTPUT_FILE_0}\"\n";
			showEnvVarsInLog = 0;
		};
		9C4667C42C40206400F4AC81 /* Run SwiftLint */ = {
			isa = PBXShellScriptBuildPhase;
			alwaysOutOfDate = 1;
			buildActionMask = 2147483647;
			files = (
			);
			inputFileListPaths = (
			);
			inputPaths = (
			);
			name = "Run SwiftLint";
			outputFileListPaths = (
			);
			outputPaths = (
			);
			runOnlyForDeploymentPostprocessing = 0;
			shellPath = /bin/sh;
			shellScript = "${PODS_ROOT}/SwiftLint/swiftlint --fix && ${PODS_ROOT}/SwiftLint/swiftlint\n";
		};
/* End PBXShellScriptBuildPhase section */

/* Begin PBXSourcesBuildPhase section */
		9C441A042C205E3600CED704 /* Sources */ = {
			isa = PBXSourcesBuildPhase;
			buildActionMask = 2147483647;
			files = (
				9CC2DEB82C34344300A70FE5 /* ImportanceCell.swift in Sources */,
				9CC780182C37D6B900A698FA /* CalendarViewController.swift in Sources */,
				9C8F5DEB2C31C81B00DAE22C /* Date + Extensions.swift in Sources */,
				9C5A5F462C3831C900105632 /* VerticalCalendarViewCell.swift in Sources */,
				9CF3A2622C348FCA00813B69 /* DeleteSwipeButton.swift in Sources */,
				9C8F5DF12C32DF3D00DAE22C /* ListHeader.swift in Sources */,
				9C4667C32C4004E400F4AC81 /* Logger.swift in Sources */,
				9CAC0D582C38F976004570E0 /* CategoryCreator.swift in Sources */,
				9CED36BB2C308DA700684861 /* AppFont.swift in Sources */,
				9CAC0D5A2C38FB3E004570E0 /* ColorPickerNavWrapper.swift in Sources */,
				9CD77A622C3054D9004885D8 /* ColorTheme.swift in Sources */,
				9CAC0D4F2C38CC3A004570E0 /* Category.swift in Sources */,
				9C538A012C4A661F00AFB9DC /* NetworkingService.swift in Sources */,
				9C441A0E2C205E3600CED704 /* TodoListView.swift in Sources */,
				9C8F5DEF2C32DAC300DAE22C /* NewItemCell.swift in Sources */,
				9C243D942C35882A009B3EF8 /* ColorCell.swift in Sources */,
				9CF3A2602C348F5200813B69 /* SuccessSwipeButton.swift in Sources */,
				9C243D9B2C35B808009B3EF8 /* ColorPicker.swift in Sources */,
				9C5A5F4A2C383A0000105632 /* UILabel + Extensions.swift in Sources */,
				9C243D992C35B730009B3EF8 /* HueSlider.swift in Sources */,
				9CAC0D512C38CD69004570E0 /* CategoryCell.swift in Sources */,
				9CC780162C37D5BB00A698FA /* UICalendarViewControllerRepresentable.swift in Sources */,
				9C0C36212C35C2780049798F /* Color + Extensions.swift in Sources */,
				9C441A372C2060C300CED704 /* TodoItem.swift in Sources */,
				9CF3A2642C34909500813B69 /* DetailsSwipeButton.swift in Sources */,
				9C5A5F4F2C385B3100105632 /* VerticalCalendarView.swift in Sources */,
				9C6DA3962C303B0E002F2B6B /* Priority.swift in Sources */,
				9C243D962C3592C6009B3EF8 /* Gradient + Extensions.swift in Sources */,
				9C564E2E2C32E5B500E2EE78 /* FilterOption.swift in Sources */,
				9C564E342C32FF8700E2EE78 /* TodoDetailViewModel.swift in Sources */,
				9CD77A5F2C305298004885D8 /* TodoListViewModel.swift in Sources */,
				9C8F5DF32C32E4BB00DAE22C /* SortOption.swift in Sources */,
				9C5A5F482C38320100105632 /* HorizontalCalendarViewCell.swift in Sources */,
				9C564E382C3338D300E2EE78 /* TextFieldCell.swift in Sources */,
				9CC2DEB62C34339400A70FE5 /* DeadlineCell.swift in Sources */,
				9C4667C12C4002E500F4AC81 /* LogFormatter.swift in Sources */,
				9CAC0D532C38D1EA004570E0 /* CategoryColorCircle.swift in Sources */,
				9C5A5F4D2C38435800105632 /* HorizontalCalendarView.swift in Sources */,
				9C4667C92C412D9900F4AC81 /* URLSession + Extensions.swift in Sources */,
				9C538A032C4A663000AFB9DC /* DefaultNetworkingService.swift in Sources */,
				9C441A3A2C20646D00CED704 /* FileCache.swift in Sources */,
				9C441A0C2C205E3600CED704 /* TodoListApp.swift in Sources */,
				9CAC0D552C38D8BB004570E0 /* CategoryViewModel.swift in Sources */,
				9C441A3D2C21C85000CED704 /* FileManager + Extension.swift in Sources */,
				9C564E322C32FF7E00E2EE78 /* TodoDetailView.swift in Sources */,
				9C8F5DE92C31BE6100DAE22C /* Priority + Extensions.swift in Sources */,
				9C8F5DE72C31AB2B00DAE22C /* TodoItemCell.swift in Sources */,
				9C62D73C2C3172B800316F0B /* AddNewItemButton.swift in Sources */,
				9C5389FF2C4A661500AFB9DC /* API.swift in Sources */,
				9C5A5F442C382E6900105632 /* CalendarViewModel.swift in Sources */,
			);
			runOnlyForDeploymentPostprocessing = 0;
		};
		9C441A142C205E3A00CED704 /* Sources */ = {
			isa = PBXSourcesBuildPhase;
			buildActionMask = 2147483647;
			files = (
				9C441A1D2C205E3A00CED704 /* TodoItemTests.swift in Sources */,
			);
			runOnlyForDeploymentPostprocessing = 0;
		};
		9C441A1E2C205E3A00CED704 /* Sources */ = {
			isa = PBXSourcesBuildPhase;
			buildActionMask = 2147483647;
			files = (
				9C441A292C205E3A00CED704 /* TodoListAppUITestsLaunchTests.swift in Sources */,
				9C441A272C205E3A00CED704 /* TodoListAppUITests.swift in Sources */,
			);
			runOnlyForDeploymentPostprocessing = 0;
		};
/* End PBXSourcesBuildPhase section */

/* Begin PBXTargetDependency section */
		9C441A1A2C205E3A00CED704 /* PBXTargetDependency */ = {
			isa = PBXTargetDependency;
			target = 9C441A072C205E3600CED704 /* TodoListApp */;
			targetProxy = 9C441A192C205E3A00CED704 /* PBXContainerItemProxy */;
		};
		9C441A242C205E3A00CED704 /* PBXTargetDependency */ = {
			isa = PBXTargetDependency;
			target = 9C441A072C205E3600CED704 /* TodoListApp */;
			targetProxy = 9C441A232C205E3A00CED704 /* PBXContainerItemProxy */;
		};
/* End PBXTargetDependency section */

/* Begin XCBuildConfiguration section */
		9C441A2A2C205E3A00CED704 /* Debug */ = {
			isa = XCBuildConfiguration;
			buildSettings = {
				ALWAYS_SEARCH_USER_PATHS = NO;
				ASSETCATALOG_COMPILER_GENERATE_SWIFT_ASSET_SYMBOL_EXTENSIONS = YES;
				CLANG_ANALYZER_NONNULL = YES;
				CLANG_ANALYZER_NUMBER_OBJECT_CONVERSION = YES_AGGRESSIVE;
				CLANG_CXX_LANGUAGE_STANDARD = "gnu++20";
				CLANG_ENABLE_MODULES = YES;
				CLANG_ENABLE_OBJC_ARC = YES;
				CLANG_ENABLE_OBJC_WEAK = YES;
				CLANG_WARN_BLOCK_CAPTURE_AUTORELEASING = YES;
				CLANG_WARN_BOOL_CONVERSION = YES;
				CLANG_WARN_COMMA = YES;
				CLANG_WARN_CONSTANT_CONVERSION = YES;
				CLANG_WARN_DEPRECATED_OBJC_IMPLEMENTATIONS = YES;
				CLANG_WARN_DIRECT_OBJC_ISA_USAGE = YES_ERROR;
				CLANG_WARN_DOCUMENTATION_COMMENTS = YES;
				CLANG_WARN_EMPTY_BODY = YES;
				CLANG_WARN_ENUM_CONVERSION = YES;
				CLANG_WARN_INFINITE_RECURSION = YES;
				CLANG_WARN_INT_CONVERSION = YES;
				CLANG_WARN_NON_LITERAL_NULL_CONVERSION = YES;
				CLANG_WARN_OBJC_IMPLICIT_RETAIN_SELF = YES;
				CLANG_WARN_OBJC_LITERAL_CONVERSION = YES;
				CLANG_WARN_OBJC_ROOT_CLASS = YES_ERROR;
				CLANG_WARN_QUOTED_INCLUDE_IN_FRAMEWORK_HEADER = YES;
				CLANG_WARN_RANGE_LOOP_ANALYSIS = YES;
				CLANG_WARN_STRICT_PROTOTYPES = YES;
				CLANG_WARN_SUSPICIOUS_MOVE = YES;
				CLANG_WARN_UNGUARDED_AVAILABILITY = YES_AGGRESSIVE;
				CLANG_WARN_UNREACHABLE_CODE = YES;
				CLANG_WARN__DUPLICATE_METHOD_MATCH = YES;
				COPY_PHASE_STRIP = NO;
				DEBUG_INFORMATION_FORMAT = dwarf;
				ENABLE_STRICT_OBJC_MSGSEND = YES;
				ENABLE_TESTABILITY = YES;
				ENABLE_USER_SCRIPT_SANDBOXING = YES;
				GCC_C_LANGUAGE_STANDARD = gnu17;
				GCC_DYNAMIC_NO_PIC = NO;
				GCC_NO_COMMON_BLOCKS = YES;
				GCC_OPTIMIZATION_LEVEL = 0;
				GCC_PREPROCESSOR_DEFINITIONS = (
					"DEBUG=1",
					"$(inherited)",
				);
				GCC_WARN_64_TO_32_BIT_CONVERSION = YES;
				GCC_WARN_ABOUT_RETURN_TYPE = YES_ERROR;
				GCC_WARN_UNDECLARED_SELECTOR = YES;
				GCC_WARN_UNINITIALIZED_AUTOS = YES_AGGRESSIVE;
				GCC_WARN_UNUSED_FUNCTION = YES;
				GCC_WARN_UNUSED_VARIABLE = YES;
				IPHONEOS_DEPLOYMENT_TARGET = 17.2;
				LOCALIZATION_PREFERS_STRING_CATALOGS = YES;
				MTL_ENABLE_DEBUG_INFO = INCLUDE_SOURCE;
				MTL_FAST_MATH = YES;
				ONLY_ACTIVE_ARCH = YES;
				SDKROOT = iphoneos;
				SWIFT_ACTIVE_COMPILATION_CONDITIONS = "DEBUG $(inherited)";
				SWIFT_OPTIMIZATION_LEVEL = "-Onone";
				SWIFT_STRICT_CONCURRENCY = minimal;
			};
			name = Debug;
		};
		9C441A2B2C205E3A00CED704 /* Release */ = {
			isa = XCBuildConfiguration;
			buildSettings = {
				ALWAYS_SEARCH_USER_PATHS = NO;
				ASSETCATALOG_COMPILER_GENERATE_SWIFT_ASSET_SYMBOL_EXTENSIONS = YES;
				CLANG_ANALYZER_NONNULL = YES;
				CLANG_ANALYZER_NUMBER_OBJECT_CONVERSION = YES_AGGRESSIVE;
				CLANG_CXX_LANGUAGE_STANDARD = "gnu++20";
				CLANG_ENABLE_MODULES = YES;
				CLANG_ENABLE_OBJC_ARC = YES;
				CLANG_ENABLE_OBJC_WEAK = YES;
				CLANG_WARN_BLOCK_CAPTURE_AUTORELEASING = YES;
				CLANG_WARN_BOOL_CONVERSION = YES;
				CLANG_WARN_COMMA = YES;
				CLANG_WARN_CONSTANT_CONVERSION = YES;
				CLANG_WARN_DEPRECATED_OBJC_IMPLEMENTATIONS = YES;
				CLANG_WARN_DIRECT_OBJC_ISA_USAGE = YES_ERROR;
				CLANG_WARN_DOCUMENTATION_COMMENTS = YES;
				CLANG_WARN_EMPTY_BODY = YES;
				CLANG_WARN_ENUM_CONVERSION = YES;
				CLANG_WARN_INFINITE_RECURSION = YES;
				CLANG_WARN_INT_CONVERSION = YES;
				CLANG_WARN_NON_LITERAL_NULL_CONVERSION = YES;
				CLANG_WARN_OBJC_IMPLICIT_RETAIN_SELF = YES;
				CLANG_WARN_OBJC_LITERAL_CONVERSION = YES;
				CLANG_WARN_OBJC_ROOT_CLASS = YES_ERROR;
				CLANG_WARN_QUOTED_INCLUDE_IN_FRAMEWORK_HEADER = YES;
				CLANG_WARN_RANGE_LOOP_ANALYSIS = YES;
				CLANG_WARN_STRICT_PROTOTYPES = YES;
				CLANG_WARN_SUSPICIOUS_MOVE = YES;
				CLANG_WARN_UNGUARDED_AVAILABILITY = YES_AGGRESSIVE;
				CLANG_WARN_UNREACHABLE_CODE = YES;
				CLANG_WARN__DUPLICATE_METHOD_MATCH = YES;
				COPY_PHASE_STRIP = NO;
				DEBUG_INFORMATION_FORMAT = "dwarf-with-dsym";
				ENABLE_NS_ASSERTIONS = NO;
				ENABLE_STRICT_OBJC_MSGSEND = YES;
				ENABLE_USER_SCRIPT_SANDBOXING = YES;
				GCC_C_LANGUAGE_STANDARD = gnu17;
				GCC_NO_COMMON_BLOCKS = YES;
				GCC_WARN_64_TO_32_BIT_CONVERSION = YES;
				GCC_WARN_ABOUT_RETURN_TYPE = YES_ERROR;
				GCC_WARN_UNDECLARED_SELECTOR = YES;
				GCC_WARN_UNINITIALIZED_AUTOS = YES_AGGRESSIVE;
				GCC_WARN_UNUSED_FUNCTION = YES;
				GCC_WARN_UNUSED_VARIABLE = YES;
				IPHONEOS_DEPLOYMENT_TARGET = 17.2;
				LOCALIZATION_PREFERS_STRING_CATALOGS = YES;
				MTL_ENABLE_DEBUG_INFO = NO;
				MTL_FAST_MATH = YES;
				SDKROOT = iphoneos;
				SWIFT_COMPILATION_MODE = wholemodule;
				SWIFT_STRICT_CONCURRENCY = minimal;
				VALIDATE_PRODUCT = YES;
			};
			name = Release;
		};
		9C441A2D2C205E3A00CED704 /* Debug */ = {
			isa = XCBuildConfiguration;
			baseConfigurationReference = 6DAD977DFC63D9122EE00560 /* Pods-TodoListApp.debug.xcconfig */;
			buildSettings = {
				ASSETCATALOG_COMPILER_APPICON_NAME = AppIcon;
				ASSETCATALOG_COMPILER_GLOBAL_ACCENT_COLOR_NAME = AccentColor;
				CODE_SIGN_STYLE = Automatic;
				CURRENT_PROJECT_VERSION = 1;
				DEVELOPMENT_ASSET_PATHS = "\"TodoListApp/Preview Content\"";
				DEVELOPMENT_TEAM = 5XH9Q7B5Z4;
				ENABLE_PREVIEWS = YES;
				ENABLE_USER_SCRIPT_SANDBOXING = NO;
				GENERATE_INFOPLIST_FILE = YES;
				INFOPLIST_KEY_UIApplicationSceneManifest_Generation = YES;
				INFOPLIST_KEY_UIApplicationSupportsIndirectInputEvents = YES;
				INFOPLIST_KEY_UILaunchScreen_Generation = YES;
				INFOPLIST_KEY_UISupportedInterfaceOrientations_iPad = "UIInterfaceOrientationPortrait UIInterfaceOrientationPortraitUpsideDown UIInterfaceOrientationLandscapeLeft UIInterfaceOrientationLandscapeRight";
				INFOPLIST_KEY_UISupportedInterfaceOrientations_iPhone = "UIInterfaceOrientationPortrait UIInterfaceOrientationLandscapeLeft UIInterfaceOrientationLandscapeRight";
				LD_RUNPATH_SEARCH_PATHS = (
					"$(inherited)",
					"@executable_path/Frameworks",
				);
				MARKETING_VERSION = 1.0;
				PRODUCT_BUNDLE_IDENTIFIER = Belyakov.TodoListApp;
				PRODUCT_NAME = "$(TARGET_NAME)";
				SWIFT_EMIT_LOC_STRINGS = YES;
				SWIFT_VERSION = 5.0;
				TARGETED_DEVICE_FAMILY = "1,2";
			};
			name = Debug;
		};
		9C441A2E2C205E3A00CED704 /* Release */ = {
			isa = XCBuildConfiguration;
			baseConfigurationReference = ECB10046831314C125E06AE5 /* Pods-TodoListApp.release.xcconfig */;
			buildSettings = {
				ASSETCATALOG_COMPILER_APPICON_NAME = AppIcon;
				ASSETCATALOG_COMPILER_GLOBAL_ACCENT_COLOR_NAME = AccentColor;
				CODE_SIGN_STYLE = Automatic;
				CURRENT_PROJECT_VERSION = 1;
				DEVELOPMENT_ASSET_PATHS = "\"TodoListApp/Preview Content\"";
				DEVELOPMENT_TEAM = 5XH9Q7B5Z4;
				ENABLE_PREVIEWS = YES;
				ENABLE_USER_SCRIPT_SANDBOXING = NO;
				GENERATE_INFOPLIST_FILE = YES;
				INFOPLIST_KEY_UIApplicationSceneManifest_Generation = YES;
				INFOPLIST_KEY_UIApplicationSupportsIndirectInputEvents = YES;
				INFOPLIST_KEY_UILaunchScreen_Generation = YES;
				INFOPLIST_KEY_UISupportedInterfaceOrientations_iPad = "UIInterfaceOrientationPortrait UIInterfaceOrientationPortraitUpsideDown UIInterfaceOrientationLandscapeLeft UIInterfaceOrientationLandscapeRight";
				INFOPLIST_KEY_UISupportedInterfaceOrientations_iPhone = "UIInterfaceOrientationPortrait UIInterfaceOrientationLandscapeLeft UIInterfaceOrientationLandscapeRight";
				LD_RUNPATH_SEARCH_PATHS = (
					"$(inherited)",
					"@executable_path/Frameworks",
				);
				MARKETING_VERSION = 1.0;
				PRODUCT_BUNDLE_IDENTIFIER = Belyakov.TodoListApp;
				PRODUCT_NAME = "$(TARGET_NAME)";
				SWIFT_EMIT_LOC_STRINGS = YES;
				SWIFT_VERSION = 5.0;
				TARGETED_DEVICE_FAMILY = "1,2";
			};
			name = Release;
		};
		9C441A302C205E3A00CED704 /* Debug */ = {
			isa = XCBuildConfiguration;
			baseConfigurationReference = 31AE05EA294610B6C848F468 /* Pods-TodoListAppTests.debug.xcconfig */;
			buildSettings = {
				ALWAYS_EMBED_SWIFT_STANDARD_LIBRARIES = YES;
				BUNDLE_LOADER = "$(TEST_HOST)";
				CODE_SIGN_STYLE = Automatic;
				CURRENT_PROJECT_VERSION = 1;
				DEVELOPMENT_TEAM = 5XH9Q7B5Z4;
				GENERATE_INFOPLIST_FILE = YES;
				IPHONEOS_DEPLOYMENT_TARGET = 17.2;
				MARKETING_VERSION = 1.0;
				PRODUCT_BUNDLE_IDENTIFIER = Belyakov.TodoListAppTests;
				PRODUCT_NAME = "$(TARGET_NAME)";
				SWIFT_EMIT_LOC_STRINGS = NO;
				SWIFT_VERSION = 5.0;
				TARGETED_DEVICE_FAMILY = "1,2";
				TEST_HOST = "$(BUILT_PRODUCTS_DIR)/TodoListApp.app/$(BUNDLE_EXECUTABLE_FOLDER_PATH)/TodoListApp";
			};
			name = Debug;
		};
		9C441A312C205E3A00CED704 /* Release */ = {
			isa = XCBuildConfiguration;
			baseConfigurationReference = BAE23FFEB582CCFE2DED43F3 /* Pods-TodoListAppTests.release.xcconfig */;
			buildSettings = {
				ALWAYS_EMBED_SWIFT_STANDARD_LIBRARIES = YES;
				BUNDLE_LOADER = "$(TEST_HOST)";
				CODE_SIGN_STYLE = Automatic;
				CURRENT_PROJECT_VERSION = 1;
				DEVELOPMENT_TEAM = 5XH9Q7B5Z4;
				GENERATE_INFOPLIST_FILE = YES;
				IPHONEOS_DEPLOYMENT_TARGET = 17.2;
				MARKETING_VERSION = 1.0;
				PRODUCT_BUNDLE_IDENTIFIER = Belyakov.TodoListAppTests;
				PRODUCT_NAME = "$(TARGET_NAME)";
				SWIFT_EMIT_LOC_STRINGS = NO;
				SWIFT_VERSION = 5.0;
				TARGETED_DEVICE_FAMILY = "1,2";
				TEST_HOST = "$(BUILT_PRODUCTS_DIR)/TodoListApp.app/$(BUNDLE_EXECUTABLE_FOLDER_PATH)/TodoListApp";
			};
			name = Release;
		};
		9C441A332C205E3A00CED704 /* Debug */ = {
			isa = XCBuildConfiguration;
			baseConfigurationReference = 3F8184AF9E056724ADEA32DD /* Pods-TodoListApp-TodoListAppUITests.debug.xcconfig */;
			buildSettings = {
				ALWAYS_EMBED_SWIFT_STANDARD_LIBRARIES = YES;
				CODE_SIGN_STYLE = Automatic;
				CURRENT_PROJECT_VERSION = 1;
				DEVELOPMENT_TEAM = 5XH9Q7B5Z4;
				GENERATE_INFOPLIST_FILE = YES;
				MARKETING_VERSION = 1.0;
				PRODUCT_BUNDLE_IDENTIFIER = Belyakov.TodoListAppUITests;
				PRODUCT_NAME = "$(TARGET_NAME)";
				SWIFT_EMIT_LOC_STRINGS = NO;
				SWIFT_VERSION = 5.0;
				TARGETED_DEVICE_FAMILY = "1,2";
				TEST_TARGET_NAME = TodoListApp;
			};
			name = Debug;
		};
		9C441A342C205E3A00CED704 /* Release */ = {
			isa = XCBuildConfiguration;
			baseConfigurationReference = C23735BFBC265F9B055AFB80 /* Pods-TodoListApp-TodoListAppUITests.release.xcconfig */;
			buildSettings = {
				ALWAYS_EMBED_SWIFT_STANDARD_LIBRARIES = YES;
				CODE_SIGN_STYLE = Automatic;
				CURRENT_PROJECT_VERSION = 1;
				DEVELOPMENT_TEAM = 5XH9Q7B5Z4;
				GENERATE_INFOPLIST_FILE = YES;
				MARKETING_VERSION = 1.0;
				PRODUCT_BUNDLE_IDENTIFIER = Belyakov.TodoListAppUITests;
				PRODUCT_NAME = "$(TARGET_NAME)";
				SWIFT_EMIT_LOC_STRINGS = NO;
				SWIFT_VERSION = 5.0;
				TARGETED_DEVICE_FAMILY = "1,2";
				TEST_TARGET_NAME = TodoListApp;
			};
			name = Release;
		};
/* End XCBuildConfiguration section */

/* Begin XCConfigurationList section */
		9C441A032C205E3600CED704 /* Build configuration list for PBXProject "TodoListApp" */ = {
			isa = XCConfigurationList;
			buildConfigurations = (
				9C441A2A2C205E3A00CED704 /* Debug */,
				9C441A2B2C205E3A00CED704 /* Release */,
			);
			defaultConfigurationIsVisible = 0;
			defaultConfigurationName = Release;
		};
		9C441A2C2C205E3A00CED704 /* Build configuration list for PBXNativeTarget "TodoListApp" */ = {
			isa = XCConfigurationList;
			buildConfigurations = (
				9C441A2D2C205E3A00CED704 /* Debug */,
				9C441A2E2C205E3A00CED704 /* Release */,
			);
			defaultConfigurationIsVisible = 0;
			defaultConfigurationName = Release;
		};
		9C441A2F2C205E3A00CED704 /* Build configuration list for PBXNativeTarget "TodoListAppTests" */ = {
			isa = XCConfigurationList;
			buildConfigurations = (
				9C441A302C205E3A00CED704 /* Debug */,
				9C441A312C205E3A00CED704 /* Release */,
			);
			defaultConfigurationIsVisible = 0;
			defaultConfigurationName = Release;
		};
		9C441A322C205E3A00CED704 /* Build configuration list for PBXNativeTarget "TodoListAppUITests" */ = {
			isa = XCConfigurationList;
			buildConfigurations = (
				9C441A332C205E3A00CED704 /* Debug */,
				9C441A342C205E3A00CED704 /* Release */,
			);
			defaultConfigurationIsVisible = 0;
			defaultConfigurationName = Release;
		};
/* End XCConfigurationList section */

/* Begin XCRemoteSwiftPackageReference section */
		9C4667B92C3FFD2F00F4AC81 /* XCRemoteSwiftPackageReference "CocoaLumberjack" */ = {
			isa = XCRemoteSwiftPackageReference;
			repositoryURL = "https://github.com/CocoaLumberjack/CocoaLumberjack.git";
			requirement = {
				kind = upToNextMajorVersion;
				minimumVersion = 3.8.5;
			};
		};
		9C4667C52C4057A200F4AC81 /* XCRemoteSwiftPackageReference "FileManaging" */ = {
			isa = XCRemoteSwiftPackageReference;
			repositoryURL = "https://github.com/TheP1ch/FileManaging.git";
			requirement = {
				branch = main;
				kind = branch;
			};
		};
/* End XCRemoteSwiftPackageReference section */

/* Begin XCSwiftPackageProductDependency section */
		9C4667BA2C3FFE5000F4AC81 /* CocoaLumberjack */ = {
			isa = XCSwiftPackageProductDependency;
			package = 9C4667B92C3FFD2F00F4AC81 /* XCRemoteSwiftPackageReference "CocoaLumberjack" */;
			productName = CocoaLumberjack;
		};
		9C4667BC2C3FFE5000F4AC81 /* CocoaLumberjackSwift */ = {
			isa = XCSwiftPackageProductDependency;
			package = 9C4667B92C3FFD2F00F4AC81 /* XCRemoteSwiftPackageReference "CocoaLumberjack" */;
			productName = CocoaLumberjackSwift;
		};
		9C4667BE2C3FFE5000F4AC81 /* CocoaLumberjackSwiftLogBackend */ = {
			isa = XCSwiftPackageProductDependency;
			package = 9C4667B92C3FFD2F00F4AC81 /* XCRemoteSwiftPackageReference "CocoaLumberjack" */;
			productName = CocoaLumberjackSwiftLogBackend;
		};
		9C4667C62C4057A200F4AC81 /* FileManaging */ = {
			isa = XCSwiftPackageProductDependency;
			package = 9C4667C52C4057A200F4AC81 /* XCRemoteSwiftPackageReference "FileManaging" */;
			productName = FileManaging;
		};
/* End XCSwiftPackageProductDependency section */
	};
	rootObject = 9C441A002C205E3600CED704 /* Project object */;
}
