// !$*UTF8*$!
{
	archiveVersion = 1;
	classes = {
	};
	objectVersion = 56;
	objects = {

/* Begin PBXBuildFile section */
		9C0C36212C35C2780049798F /* Color + Extensions.swift in Sources */ = {isa = PBXBuildFile; fileRef = 9C0C36202C35C2780049798F /* Color + Extensions.swift */; };
		9C243D942C35882A009B3EF8 /* ColorCell.swift in Sources */ = {isa = PBXBuildFile; fileRef = 9C243D932C35882A009B3EF8 /* ColorCell.swift */; };
		9C243D962C3592C6009B3EF8 /* Gradient + Extensions.swift in Sources */ = {isa = PBXBuildFile; fileRef = 9C243D952C3592C6009B3EF8 /* Gradient + Extensions.swift */; };
		9C243D992C35B730009B3EF8 /* HueSlider.swift in Sources */ = {isa = PBXBuildFile; fileRef = 9C243D982C35B730009B3EF8 /* HueSlider.swift */; };
		9C243D9B2C35B808009B3EF8 /* ColorPicker.swift in Sources */ = {isa = PBXBuildFile; fileRef = 9C243D9A2C35B808009B3EF8 /* ColorPicker.swift */; };
		9C441A0C2C205E3600CED704 /* TodoListApp.swift in Sources */ = {isa = PBXBuildFile; fileRef = 9C441A0B2C205E3600CED704 /* TodoListApp.swift */; };
		9C441A0E2C205E3600CED704 /* TodoListView.swift in Sources */ = {isa = PBXBuildFile; fileRef = 9C441A0D2C205E3600CED704 /* TodoListView.swift */; };
		9C441A102C205E3900CED704 /* Assets.xcassets in Resources */ = {isa = PBXBuildFile; fileRef = 9C441A0F2C205E3900CED704 /* Assets.xcassets */; };
		9C441A132C205E3900CED704 /* Preview Assets.xcassets in Resources */ = {isa = PBXBuildFile; fileRef = 9C441A122C205E3900CED704 /* Preview Assets.xcassets */; };
		9C441A1D2C205E3A00CED704 /* TodoItemTests.swift in Sources */ = {isa = PBXBuildFile; fileRef = 9C441A1C2C205E3A00CED704 /* TodoItemTests.swift */; };
		9C441A272C205E3A00CED704 /* TodoListAppUITests.swift in Sources */ = {isa = PBXBuildFile; fileRef = 9C441A262C205E3A00CED704 /* TodoListAppUITests.swift */; };
		9C441A292C205E3A00CED704 /* TodoListAppUITestsLaunchTests.swift in Sources */ = {isa = PBXBuildFile; fileRef = 9C441A282C205E3A00CED704 /* TodoListAppUITestsLaunchTests.swift */; };
		9C441A372C2060C300CED704 /* TodoItem.swift in Sources */ = {isa = PBXBuildFile; fileRef = 9C441A362C2060C300CED704 /* TodoItem.swift */; };
		9C441A3A2C20646D00CED704 /* FileCache.swift in Sources */ = {isa = PBXBuildFile; fileRef = 9C441A392C20646D00CED704 /* FileCache.swift */; };
		9C441A3D2C21C85000CED704 /* FileManager + Extension.swift in Sources */ = {isa = PBXBuildFile; fileRef = 9C441A3C2C21C85000CED704 /* FileManager + Extension.swift */; };
		9C441A3F2C2345E300CED704 /* FileManagerJson.swift in Sources */ = {isa = PBXBuildFile; fileRef = 9C441A3E2C2345E300CED704 /* FileManagerJson.swift */; };
		9C441A412C2345F200CED704 /* FileManagerCSV.swift in Sources */ = {isa = PBXBuildFile; fileRef = 9C441A402C2345F200CED704 /* FileManagerCSV.swift */; };
		9C564E2E2C32E5B500E2EE78 /* FilterOption.swift in Sources */ = {isa = PBXBuildFile; fileRef = 9C564E2D2C32E5B500E2EE78 /* FilterOption.swift */; };
		9C564E322C32FF7E00E2EE78 /* TodoDetailView.swift in Sources */ = {isa = PBXBuildFile; fileRef = 9C564E312C32FF7E00E2EE78 /* TodoDetailView.swift */; };
		9C564E342C32FF8700E2EE78 /* TodoDetailViewModel.swift in Sources */ = {isa = PBXBuildFile; fileRef = 9C564E332C32FF8700E2EE78 /* TodoDetailViewModel.swift */; };
		9C564E382C3338D300E2EE78 /* TextFieldCell.swift in Sources */ = {isa = PBXBuildFile; fileRef = 9C564E372C3338D300E2EE78 /* TextFieldCell.swift */; };
		9C62D73C2C3172B800316F0B /* AddNewItemButton.swift in Sources */ = {isa = PBXBuildFile; fileRef = 9C62D73B2C3172B800316F0B /* AddNewItemButton.swift */; };
		9C6DA3962C303B0E002F2B6B /* Priority.swift in Sources */ = {isa = PBXBuildFile; fileRef = 9C6DA3952C303B0E002F2B6B /* Priority.swift */; };
		9C8F5DE72C31AB2B00DAE22C /* TodoItemCell.swift in Sources */ = {isa = PBXBuildFile; fileRef = 9C8F5DE62C31AB2B00DAE22C /* TodoItemCell.swift */; };
		9C8F5DE92C31BE6100DAE22C /* Priority + Extensions.swift in Sources */ = {isa = PBXBuildFile; fileRef = 9C8F5DE82C31BE6000DAE22C /* Priority + Extensions.swift */; };
		9C8F5DEB2C31C81B00DAE22C /* Date + Extensions.swift in Sources */ = {isa = PBXBuildFile; fileRef = 9C8F5DEA2C31C81B00DAE22C /* Date + Extensions.swift */; };
		9C8F5DEF2C32DAC300DAE22C /* NewItemCell.swift in Sources */ = {isa = PBXBuildFile; fileRef = 9C8F5DEE2C32DAC300DAE22C /* NewItemCell.swift */; };
		9C8F5DF12C32DF3D00DAE22C /* ListHeader.swift in Sources */ = {isa = PBXBuildFile; fileRef = 9C8F5DF02C32DF3D00DAE22C /* ListHeader.swift */; };
		9C8F5DF32C32E4BB00DAE22C /* SortOption.swift in Sources */ = {isa = PBXBuildFile; fileRef = 9C8F5DF22C32E4BB00DAE22C /* SortOption.swift */; };
		9CC2DEB62C34339400A70FE5 /* DeadlineCell.swift in Sources */ = {isa = PBXBuildFile; fileRef = 9CC2DEB52C34339400A70FE5 /* DeadlineCell.swift */; };
		9CC2DEB82C34344300A70FE5 /* ImportanceCell.swift in Sources */ = {isa = PBXBuildFile; fileRef = 9CC2DEB72C34344300A70FE5 /* ImportanceCell.swift */; };
		9CD77A5F2C305298004885D8 /* TodoListViewModel.swift in Sources */ = {isa = PBXBuildFile; fileRef = 9CD77A5E2C305298004885D8 /* TodoListViewModel.swift */; };
		9CD77A622C3054D9004885D8 /* ColorTheme.swift in Sources */ = {isa = PBXBuildFile; fileRef = 9CD77A612C3054D9004885D8 /* ColorTheme.swift */; };
		9CED36BB2C308DA700684861 /* AppFont.swift in Sources */ = {isa = PBXBuildFile; fileRef = 9CED36BA2C308DA700684861 /* AppFont.swift */; };
		9CF3A2602C348F5200813B69 /* SuccessSwipeButton.swift in Sources */ = {isa = PBXBuildFile; fileRef = 9CF3A25F2C348F5100813B69 /* SuccessSwipeButton.swift */; };
		9CF3A2622C348FCA00813B69 /* DeleteSwipeButton.swift in Sources */ = {isa = PBXBuildFile; fileRef = 9CF3A2612C348FCA00813B69 /* DeleteSwipeButton.swift */; };
		9CF3A2642C34909500813B69 /* DetailsSwipeButton.swift in Sources */ = {isa = PBXBuildFile; fileRef = 9CF3A2632C34909500813B69 /* DetailsSwipeButton.swift */; };
/* End PBXBuildFile section */

/* Begin PBXContainerItemProxy section */
		9C441A192C205E3A00CED704 /* PBXContainerItemProxy */ = {
			isa = PBXContainerItemProxy;
			containerPortal = 9C441A002C205E3600CED704 /* Project object */;
			proxyType = 1;
			remoteGlobalIDString = 9C441A072C205E3600CED704;
			remoteInfo = TodoListApp;
		};
		9C441A232C205E3A00CED704 /* PBXContainerItemProxy */ = {
			isa = PBXContainerItemProxy;
			containerPortal = 9C441A002C205E3600CED704 /* Project object */;
			proxyType = 1;
			remoteGlobalIDString = 9C441A072C205E3600CED704;
			remoteInfo = TodoListApp;
		};
/* End PBXContainerItemProxy section */

/* Begin PBXFileReference section */
		9C0C36202C35C2780049798F /* Color + Extensions.swift */ = {isa = PBXFileReference; lastKnownFileType = sourcecode.swift; path = "Color + Extensions.swift"; sourceTree = "<group>"; };
		9C243D932C35882A009B3EF8 /* ColorCell.swift */ = {isa = PBXFileReference; lastKnownFileType = sourcecode.swift; path = ColorCell.swift; sourceTree = "<group>"; };
		9C243D952C3592C6009B3EF8 /* Gradient + Extensions.swift */ = {isa = PBXFileReference; lastKnownFileType = sourcecode.swift; path = "Gradient + Extensions.swift"; sourceTree = "<group>"; };
		9C243D982C35B730009B3EF8 /* HueSlider.swift */ = {isa = PBXFileReference; lastKnownFileType = sourcecode.swift; path = HueSlider.swift; sourceTree = "<group>"; };
		9C243D9A2C35B808009B3EF8 /* ColorPicker.swift */ = {isa = PBXFileReference; lastKnownFileType = sourcecode.swift; path = ColorPicker.swift; sourceTree = "<group>"; };
		9C441A082C205E3600CED704 /* TodoListApp.app */ = {isa = PBXFileReference; explicitFileType = wrapper.application; includeInIndex = 0; path = TodoListApp.app; sourceTree = BUILT_PRODUCTS_DIR; };
		9C441A0B2C205E3600CED704 /* TodoListApp.swift */ = {isa = PBXFileReference; lastKnownFileType = sourcecode.swift; path = TodoListApp.swift; sourceTree = "<group>"; };
		9C441A0D2C205E3600CED704 /* TodoListView.swift */ = {isa = PBXFileReference; lastKnownFileType = sourcecode.swift; path = TodoListView.swift; sourceTree = "<group>"; };
		9C441A0F2C205E3900CED704 /* Assets.xcassets */ = {isa = PBXFileReference; lastKnownFileType = folder.assetcatalog; path = Assets.xcassets; sourceTree = "<group>"; };
		9C441A122C205E3900CED704 /* Preview Assets.xcassets */ = {isa = PBXFileReference; lastKnownFileType = folder.assetcatalog; path = "Preview Assets.xcassets"; sourceTree = "<group>"; };
		9C441A182C205E3A00CED704 /* TodoListAppTests.xctest */ = {isa = PBXFileReference; explicitFileType = wrapper.cfbundle; includeInIndex = 0; path = TodoListAppTests.xctest; sourceTree = BUILT_PRODUCTS_DIR; };
		9C441A1C2C205E3A00CED704 /* TodoItemTests.swift */ = {isa = PBXFileReference; lastKnownFileType = sourcecode.swift; path = TodoItemTests.swift; sourceTree = "<group>"; };
		9C441A222C205E3A00CED704 /* TodoListAppUITests.xctest */ = {isa = PBXFileReference; explicitFileType = wrapper.cfbundle; includeInIndex = 0; path = TodoListAppUITests.xctest; sourceTree = BUILT_PRODUCTS_DIR; };
		9C441A262C205E3A00CED704 /* TodoListAppUITests.swift */ = {isa = PBXFileReference; lastKnownFileType = sourcecode.swift; path = TodoListAppUITests.swift; sourceTree = "<group>"; };
		9C441A282C205E3A00CED704 /* TodoListAppUITestsLaunchTests.swift */ = {isa = PBXFileReference; lastKnownFileType = sourcecode.swift; path = TodoListAppUITestsLaunchTests.swift; sourceTree = "<group>"; };
		9C441A362C2060C300CED704 /* TodoItem.swift */ = {isa = PBXFileReference; lastKnownFileType = sourcecode.swift; path = TodoItem.swift; sourceTree = "<group>"; };
		9C441A392C20646D00CED704 /* FileCache.swift */ = {isa = PBXFileReference; lastKnownFileType = sourcecode.swift; path = FileCache.swift; sourceTree = "<group>"; };
		9C441A3C2C21C85000CED704 /* FileManager + Extension.swift */ = {isa = PBXFileReference; lastKnownFileType = sourcecode.swift; path = "FileManager + Extension.swift"; sourceTree = "<group>"; };
		9C441A3E2C2345E300CED704 /* FileManagerJson.swift */ = {isa = PBXFileReference; lastKnownFileType = sourcecode.swift; path = FileManagerJson.swift; sourceTree = "<group>"; };
		9C441A402C2345F200CED704 /* FileManagerCSV.swift */ = {isa = PBXFileReference; lastKnownFileType = sourcecode.swift; path = FileManagerCSV.swift; sourceTree = "<group>"; };
		9C564E2D2C32E5B500E2EE78 /* FilterOption.swift */ = {isa = PBXFileReference; lastKnownFileType = sourcecode.swift; path = FilterOption.swift; sourceTree = "<group>"; };
		9C564E312C32FF7E00E2EE78 /* TodoDetailView.swift */ = {isa = PBXFileReference; lastKnownFileType = sourcecode.swift; path = TodoDetailView.swift; sourceTree = "<group>"; };
		9C564E332C32FF8700E2EE78 /* TodoDetailViewModel.swift */ = {isa = PBXFileReference; lastKnownFileType = sourcecode.swift; path = TodoDetailViewModel.swift; sourceTree = "<group>"; };
		9C564E372C3338D300E2EE78 /* TextFieldCell.swift */ = {isa = PBXFileReference; lastKnownFileType = sourcecode.swift; path = TextFieldCell.swift; sourceTree = "<group>"; };
		9C62D73B2C3172B800316F0B /* AddNewItemButton.swift */ = {isa = PBXFileReference; lastKnownFileType = sourcecode.swift; path = AddNewItemButton.swift; sourceTree = "<group>"; };
		9C6DA3952C303B0E002F2B6B /* Priority.swift */ = {isa = PBXFileReference; lastKnownFileType = sourcecode.swift; path = Priority.swift; sourceTree = "<group>"; };
		9C8F5DE62C31AB2B00DAE22C /* TodoItemCell.swift */ = {isa = PBXFileReference; lastKnownFileType = sourcecode.swift; path = TodoItemCell.swift; sourceTree = "<group>"; };
		9C8F5DE82C31BE6000DAE22C /* Priority + Extensions.swift */ = {isa = PBXFileReference; lastKnownFileType = sourcecode.swift; path = "Priority + Extensions.swift"; sourceTree = "<group>"; };
		9C8F5DEA2C31C81B00DAE22C /* Date + Extensions.swift */ = {isa = PBXFileReference; lastKnownFileType = sourcecode.swift; path = "Date + Extensions.swift"; sourceTree = "<group>"; };
		9C8F5DEE2C32DAC300DAE22C /* NewItemCell.swift */ = {isa = PBXFileReference; lastKnownFileType = sourcecode.swift; path = NewItemCell.swift; sourceTree = "<group>"; };
		9C8F5DF02C32DF3D00DAE22C /* ListHeader.swift */ = {isa = PBXFileReference; lastKnownFileType = sourcecode.swift; path = ListHeader.swift; sourceTree = "<group>"; };
		9C8F5DF22C32E4BB00DAE22C /* SortOption.swift */ = {isa = PBXFileReference; lastKnownFileType = sourcecode.swift; path = SortOption.swift; sourceTree = "<group>"; };
		9CC2DEB52C34339400A70FE5 /* DeadlineCell.swift */ = {isa = PBXFileReference; lastKnownFileType = sourcecode.swift; path = DeadlineCell.swift; sourceTree = "<group>"; };
		9CC2DEB72C34344300A70FE5 /* ImportanceCell.swift */ = {isa = PBXFileReference; lastKnownFileType = sourcecode.swift; path = ImportanceCell.swift; sourceTree = "<group>"; };
		9CD77A5E2C305298004885D8 /* TodoListViewModel.swift */ = {isa = PBXFileReference; lastKnownFileType = sourcecode.swift; path = TodoListViewModel.swift; sourceTree = "<group>"; };
		9CD77A612C3054D9004885D8 /* ColorTheme.swift */ = {isa = PBXFileReference; lastKnownFileType = sourcecode.swift; path = ColorTheme.swift; sourceTree = "<group>"; };
		9CED36BA2C308DA700684861 /* AppFont.swift */ = {isa = PBXFileReference; lastKnownFileType = sourcecode.swift; path = AppFont.swift; sourceTree = "<group>"; };
		9CF3A25F2C348F5100813B69 /* SuccessSwipeButton.swift */ = {isa = PBXFileReference; lastKnownFileType = sourcecode.swift; path = SuccessSwipeButton.swift; sourceTree = "<group>"; };
		9CF3A2612C348FCA00813B69 /* DeleteSwipeButton.swift */ = {isa = PBXFileReference; lastKnownFileType = sourcecode.swift; path = DeleteSwipeButton.swift; sourceTree = "<group>"; };
		9CF3A2632C34909500813B69 /* DetailsSwipeButton.swift */ = {isa = PBXFileReference; lastKnownFileType = sourcecode.swift; path = DetailsSwipeButton.swift; sourceTree = "<group>"; };
/* End PBXFileReference section */

/* Begin PBXFrameworksBuildPhase section */
		9C441A052C205E3600CED704 /* Frameworks */ = {
			isa = PBXFrameworksBuildPhase;
			buildActionMask = 2147483647;
			files = (
			);
			runOnlyForDeploymentPostprocessing = 0;
		};
		9C441A152C205E3A00CED704 /* Frameworks */ = {
			isa = PBXFrameworksBuildPhase;
			buildActionMask = 2147483647;
			files = (
			);
			runOnlyForDeploymentPostprocessing = 0;
		};
		9C441A1F2C205E3A00CED704 /* Frameworks */ = {
			isa = PBXFrameworksBuildPhase;
			buildActionMask = 2147483647;
			files = (
			);
			runOnlyForDeploymentPostprocessing = 0;
		};
/* End PBXFrameworksBuildPhase section */

/* Begin PBXGroup section */
		9C243D972C35B70F009B3EF8 /* ColorPicker */ = {
			isa = PBXGroup;
			children = (
				9C243D982C35B730009B3EF8 /* HueSlider.swift */,
				9C243D9A2C35B808009B3EF8 /* ColorPicker.swift */,
			);
			path = ColorPicker;
			sourceTree = "<group>";
		};
		9C2F35FD2C3700FE009D26A5 /* UIKit */ = {
			isa = PBXGroup;
			children = (
				9C2F35FF2C370117009D26A5 /* Views */,
				9C2F35FE2C370109009D26A5 /* Controllers */,
			);
			path = UIKit;
			sourceTree = "<group>";
		};
		9C2F35FE2C370109009D26A5 /* Controllers */ = {
			isa = PBXGroup;
			children = (
			);
			path = Controllers;
			sourceTree = "<group>";
		};
		9C2F35FF2C370117009D26A5 /* Views */ = {
			isa = PBXGroup;
			children = (
			);
			path = Views;
			sourceTree = "<group>";
		};
		9C4419FF2C205E3600CED704 = {
			isa = PBXGroup;
			children = (
				9C441A0A2C205E3600CED704 /* TodoListApp */,
				9C441A1B2C205E3A00CED704 /* TodoListAppTests */,
				9C441A252C205E3A00CED704 /* TodoListAppUITests */,
				9C441A092C205E3600CED704 /* Products */,
			);
			sourceTree = "<group>";
		};
		9C441A092C205E3600CED704 /* Products */ = {
			isa = PBXGroup;
			children = (
				9C441A082C205E3600CED704 /* TodoListApp.app */,
				9C441A182C205E3A00CED704 /* TodoListAppTests.xctest */,
				9C441A222C205E3A00CED704 /* TodoListAppUITests.xctest */,
			);
			name = Products;
			sourceTree = "<group>";
		};
		9C441A0A2C205E3600CED704 /* TodoListApp */ = {
			isa = PBXGroup;
			children = (
				9C2F35FD2C3700FE009D26A5 /* UIKit */,
				9CD77A602C3052B9004885D8 /* Application */,
				9C6DA3992C303BE3002F2B6B /* Views */,
				9C6DA3972C303BCB002F2B6B /* Resources */,
				9C6DA3942C303AFB002F2B6B /* Enums */,
				9C441A3B2C21C83700CED704 /* Extensions */,
				9C441A382C20645B00CED704 /* Managers */,
				9C441A352C2060B600CED704 /* Models */,
				9C441A112C205E3900CED704 /* Preview Content */,
			);
			path = TodoListApp;
			sourceTree = "<group>";
		};
		9C441A112C205E3900CED704 /* Preview Content */ = {
			isa = PBXGroup;
			children = (
				9C441A122C205E3900CED704 /* Preview Assets.xcassets */,
			);
			path = "Preview Content";
			sourceTree = "<group>";
		};
		9C441A1B2C205E3A00CED704 /* TodoListAppTests */ = {
			isa = PBXGroup;
			children = (
				9C441A1C2C205E3A00CED704 /* TodoItemTests.swift */,
			);
			path = TodoListAppTests;
			sourceTree = "<group>";
		};
		9C441A252C205E3A00CED704 /* TodoListAppUITests */ = {
			isa = PBXGroup;
			children = (
				9C441A262C205E3A00CED704 /* TodoListAppUITests.swift */,
				9C441A282C205E3A00CED704 /* TodoListAppUITestsLaunchTests.swift */,
			);
			path = TodoListAppUITests;
			sourceTree = "<group>";
		};
		9C441A352C2060B600CED704 /* Models */ = {
			isa = PBXGroup;
			children = (
				9C441A362C2060C300CED704 /* TodoItem.swift */,
			);
			path = Models;
			sourceTree = "<group>";
		};
		9C441A382C20645B00CED704 /* Managers */ = {
			isa = PBXGroup;
			children = (
				9C441A392C20646D00CED704 /* FileCache.swift */,
				9C441A3E2C2345E300CED704 /* FileManagerJson.swift */,
				9C441A402C2345F200CED704 /* FileManagerCSV.swift */,
			);
			path = Managers;
			sourceTree = "<group>";
		};
		9C441A3B2C21C83700CED704 /* Extensions */ = {
			isa = PBXGroup;
			children = (
				9C441A3C2C21C85000CED704 /* FileManager + Extension.swift */,
				9C8F5DE82C31BE6000DAE22C /* Priority + Extensions.swift */,
				9C8F5DEA2C31C81B00DAE22C /* Date + Extensions.swift */,
				9C243D952C3592C6009B3EF8 /* Gradient + Extensions.swift */,
				9C0C36202C35C2780049798F /* Color + Extensions.swift */,
			);
			path = Extensions;
			sourceTree = "<group>";
		};
		9C564E2F2C32FF6200E2EE78 /* TodoDetail */ = {
			isa = PBXGroup;
			children = (
				9C564E302C32FF6D00E2EE78 /* Components */,
				9C564E312C32FF7E00E2EE78 /* TodoDetailView.swift */,
				9C564E332C32FF8700E2EE78 /* TodoDetailViewModel.swift */,
			);
			path = TodoDetail;
			sourceTree = "<group>";
		};
		9C564E302C32FF6D00E2EE78 /* Components */ = {
			isa = PBXGroup;
			children = (
				9C243D972C35B70F009B3EF8 /* ColorPicker */,
				9C564E372C3338D300E2EE78 /* TextFieldCell.swift */,
				9CC2DEB52C34339400A70FE5 /* DeadlineCell.swift */,
				9CC2DEB72C34344300A70FE5 /* ImportanceCell.swift */,
				9C243D932C35882A009B3EF8 /* ColorCell.swift */,
			);
			path = Components;
			sourceTree = "<group>";
		};
		9C6DA3942C303AFB002F2B6B /* Enums */ = {
			isa = PBXGroup;
			children = (
				9C6DA3952C303B0E002F2B6B /* Priority.swift */,
				9CD77A612C3054D9004885D8 /* ColorTheme.swift */,
				9CED36BA2C308DA700684861 /* AppFont.swift */,
				9C8F5DF22C32E4BB00DAE22C /* SortOption.swift */,
				9C564E2D2C32E5B500E2EE78 /* FilterOption.swift */,
			);
			path = Enums;
			sourceTree = "<group>";
		};
		9C6DA3972C303BCB002F2B6B /* Resources */ = {
			isa = PBXGroup;
			children = (
				9C441A0F2C205E3900CED704 /* Assets.xcassets */,
			);
			path = Resources;
			sourceTree = "<group>";
		};
		9C6DA3992C303BE3002F2B6B /* Views */ = {
			isa = PBXGroup;
			children = (
				9C564E2F2C32FF6200E2EE78 /* TodoDetail */,
				9CD77A5A2C304EDF004885D8 /* TodoList */,
			);
			path = Views;
			sourceTree = "<group>";
		};
		9CD77A5A2C304EDF004885D8 /* TodoList */ = {
			isa = PBXGroup;
			children = (
				9CD77A5D2C30518E004885D8 /* Components */,
				9C441A0D2C205E3600CED704 /* TodoListView.swift */,
				9CD77A5E2C305298004885D8 /* TodoListViewModel.swift */,
			);
			path = TodoList;
			sourceTree = "<group>";
		};
		9CD77A5D2C30518E004885D8 /* Components */ = {
			isa = PBXGroup;
			children = (
				9C62D73B2C3172B800316F0B /* AddNewItemButton.swift */,
				9C8F5DE62C31AB2B00DAE22C /* TodoItemCell.swift */,
				9C8F5DEE2C32DAC300DAE22C /* NewItemCell.swift */,
				9C8F5DF02C32DF3D00DAE22C /* ListHeader.swift */,
				9CF3A25F2C348F5100813B69 /* SuccessSwipeButton.swift */,
				9CF3A2612C348FCA00813B69 /* DeleteSwipeButton.swift */,
				9CF3A2632C34909500813B69 /* DetailsSwipeButton.swift */,
			);
			path = Components;
			sourceTree = "<group>";
		};
		9CD77A602C3052B9004885D8 /* Application */ = {
			isa = PBXGroup;
			children = (
				9C441A0B2C205E3600CED704 /* TodoListApp.swift */,
			);
			path = Application;
			sourceTree = "<group>";
		};
/* End PBXGroup section */

/* Begin PBXNativeTarget section */
		9C441A072C205E3600CED704 /* TodoListApp */ = {
			isa = PBXNativeTarget;
			buildConfigurationList = 9C441A2C2C205E3A00CED704 /* Build configuration list for PBXNativeTarget "TodoListApp" */;
			buildPhases = (
				9C441A042C205E3600CED704 /* Sources */,
				9C441A052C205E3600CED704 /* Frameworks */,
				9C441A062C205E3600CED704 /* Resources */,
			);
			buildRules = (
			);
			dependencies = (
			);
			name = TodoListApp;
			productName = TodoListApp;
			productReference = 9C441A082C205E3600CED704 /* TodoListApp.app */;
			productType = "com.apple.product-type.application";
		};
		9C441A172C205E3A00CED704 /* TodoListAppTests */ = {
			isa = PBXNativeTarget;
			buildConfigurationList = 9C441A2F2C205E3A00CED704 /* Build configuration list for PBXNativeTarget "TodoListAppTests" */;
			buildPhases = (
				9C441A142C205E3A00CED704 /* Sources */,
				9C441A152C205E3A00CED704 /* Frameworks */,
				9C441A162C205E3A00CED704 /* Resources */,
			);
			buildRules = (
			);
			dependencies = (
				9C441A1A2C205E3A00CED704 /* PBXTargetDependency */,
			);
			name = TodoListAppTests;
			productName = TodoListAppTests;
			productReference = 9C441A182C205E3A00CED704 /* TodoListAppTests.xctest */;
			productType = "com.apple.product-type.bundle.unit-test";
		};
		9C441A212C205E3A00CED704 /* TodoListAppUITests */ = {
			isa = PBXNativeTarget;
			buildConfigurationList = 9C441A322C205E3A00CED704 /* Build configuration list for PBXNativeTarget "TodoListAppUITests" */;
			buildPhases = (
				9C441A1E2C205E3A00CED704 /* Sources */,
				9C441A1F2C205E3A00CED704 /* Frameworks */,
				9C441A202C205E3A00CED704 /* Resources */,
			);
			buildRules = (
			);
			dependencies = (
				9C441A242C205E3A00CED704 /* PBXTargetDependency */,
			);
			name = TodoListAppUITests;
			productName = TodoListAppUITests;
			productReference = 9C441A222C205E3A00CED704 /* TodoListAppUITests.xctest */;
			productType = "com.apple.product-type.bundle.ui-testing";
		};
/* End PBXNativeTarget section */

/* Begin PBXProject section */
		9C441A002C205E3600CED704 /* Project object */ = {
			isa = PBXProject;
			attributes = {
				BuildIndependentTargetsInParallel = 1;
				LastSwiftUpdateCheck = 1520;
				LastUpgradeCheck = 1520;
				TargetAttributes = {
					9C441A072C205E3600CED704 = {
						CreatedOnToolsVersion = 15.2;
					};
					9C441A172C205E3A00CED704 = {
						CreatedOnToolsVersion = 15.2;
						TestTargetID = 9C441A072C205E3600CED704;
					};
					9C441A212C205E3A00CED704 = {
						CreatedOnToolsVersion = 15.2;
						TestTargetID = 9C441A072C205E3600CED704;
					};
				};
			};
			buildConfigurationList = 9C441A032C205E3600CED704 /* Build configuration list for PBXProject "TodoListApp" */;
			compatibilityVersion = "Xcode 14.0";
			developmentRegion = en;
			hasScannedForEncodings = 0;
			knownRegions = (
				en,
				Base,
			);
			mainGroup = 9C4419FF2C205E3600CED704;
			productRefGroup = 9C441A092C205E3600CED704 /* Products */;
			projectDirPath = "";
			projectRoot = "";
			targets = (
				9C441A072C205E3600CED704 /* TodoListApp */,
				9C441A172C205E3A00CED704 /* TodoListAppTests */,
				9C441A212C205E3A00CED704 /* TodoListAppUITests */,
			);
		};
/* End PBXProject section */

/* Begin PBXResourcesBuildPhase section */
		9C441A062C205E3600CED704 /* Resources */ = {
			isa = PBXResourcesBuildPhase;
			buildActionMask = 2147483647;
			files = (
				9C441A132C205E3900CED704 /* Preview Assets.xcassets in Resources */,
				9C441A102C205E3900CED704 /* Assets.xcassets in Resources */,
			);
			runOnlyForDeploymentPostprocessing = 0;
		};
		9C441A162C205E3A00CED704 /* Resources */ = {
			isa = PBXResourcesBuildPhase;
			buildActionMask = 2147483647;
			files = (
			);
			runOnlyForDeploymentPostprocessing = 0;
		};
		9C441A202C205E3A00CED704 /* Resources */ = {
			isa = PBXResourcesBuildPhase;
			buildActionMask = 2147483647;
			files = (
			);
			runOnlyForDeploymentPostprocessing = 0;
		};
/* End PBXResourcesBuildPhase section */

/* Begin PBXSourcesBuildPhase section */
		9C441A042C205E3600CED704 /* Sources */ = {
			isa = PBXSourcesBuildPhase;
			buildActionMask = 2147483647;
			files = (
				9C441A412C2345F200CED704 /* FileManagerCSV.swift in Sources */,
				9CC2DEB82C34344300A70FE5 /* ImportanceCell.swift in Sources */,
				9C8F5DEB2C31C81B00DAE22C /* Date + Extensions.swift in Sources */,
				9CF3A2622C348FCA00813B69 /* DeleteSwipeButton.swift in Sources */,
				9C8F5DF12C32DF3D00DAE22C /* ListHeader.swift in Sources */,
				9CED36BB2C308DA700684861 /* AppFont.swift in Sources */,
				9CD77A622C3054D9004885D8 /* ColorTheme.swift in Sources */,
				9C441A0E2C205E3600CED704 /* TodoListView.swift in Sources */,
				9C8F5DEF2C32DAC300DAE22C /* NewItemCell.swift in Sources */,
				9C243D942C35882A009B3EF8 /* ColorCell.swift in Sources */,
				9CF3A2602C348F5200813B69 /* SuccessSwipeButton.swift in Sources */,
				9C243D9B2C35B808009B3EF8 /* ColorPicker.swift in Sources */,
				9C243D992C35B730009B3EF8 /* HueSlider.swift in Sources */,
				9C0C36212C35C2780049798F /* Color + Extensions.swift in Sources */,
				9C441A372C2060C300CED704 /* TodoItem.swift in Sources */,
				9CF3A2642C34909500813B69 /* DetailsSwipeButton.swift in Sources */,
				9C6DA3962C303B0E002F2B6B /* Priority.swift in Sources */,
				9C243D962C3592C6009B3EF8 /* Gradient + Extensions.swift in Sources */,
				9C564E2E2C32E5B500E2EE78 /* FilterOption.swift in Sources */,
				9C564E342C32FF8700E2EE78 /* TodoDetailViewModel.swift in Sources */,
				9CD77A5F2C305298004885D8 /* TodoListViewModel.swift in Sources */,
				9C8F5DF32C32E4BB00DAE22C /* SortOption.swift in Sources */,
				9C564E382C3338D300E2EE78 /* TextFieldCell.swift in Sources */,
				9CC2DEB62C34339400A70FE5 /* DeadlineCell.swift in Sources */,
				9C441A3A2C20646D00CED704 /* FileCache.swift in Sources */,
				9C441A0C2C205E3600CED704 /* TodoListApp.swift in Sources */,
				9C441A3D2C21C85000CED704 /* FileManager + Extension.swift in Sources */,
				9C564E322C32FF7E00E2EE78 /* TodoDetailView.swift in Sources */,
				9C441A3F2C2345E300CED704 /* FileManagerJson.swift in Sources */,
				9C8F5DE92C31BE6100DAE22C /* Priority + Extensions.swift in Sources */,
				9C8F5DE72C31AB2B00DAE22C /* TodoItemCell.swift in Sources */,
				9C62D73C2C3172B800316F0B /* AddNewItemButton.swift in Sources */,
			);
			runOnlyForDeploymentPostprocessing = 0;
		};
		9C441A142C205E3A00CED704 /* Sources */ = {
			isa = PBXSourcesBuildPhase;
			buildActionMask = 2147483647;
			files = (
				9C441A1D2C205E3A00CED704 /* TodoItemTests.swift in Sources */,
			);
			runOnlyForDeploymentPostprocessing = 0;
		};
		9C441A1E2C205E3A00CED704 /* Sources */ = {
			isa = PBXSourcesBuildPhase;
			buildActionMask = 2147483647;
			files = (
				9C441A292C205E3A00CED704 /* TodoListAppUITestsLaunchTests.swift in Sources */,
				9C441A272C205E3A00CED704 /* TodoListAppUITests.swift in Sources */,
			);
			runOnlyForDeploymentPostprocessing = 0;
		};
/* End PBXSourcesBuildPhase section */

/* Begin PBXTargetDependency section */
		9C441A1A2C205E3A00CED704 /* PBXTargetDependency */ = {
			isa = PBXTargetDependency;
			target = 9C441A072C205E3600CED704 /* TodoListApp */;
			targetProxy = 9C441A192C205E3A00CED704 /* PBXContainerItemProxy */;
		};
		9C441A242C205E3A00CED704 /* PBXTargetDependency */ = {
			isa = PBXTargetDependency;
			target = 9C441A072C205E3600CED704 /* TodoListApp */;
			targetProxy = 9C441A232C205E3A00CED704 /* PBXContainerItemProxy */;
		};
/* End PBXTargetDependency section */

/* Begin XCBuildConfiguration section */
		9C441A2A2C205E3A00CED704 /* Debug */ = {
			isa = XCBuildConfiguration;
			buildSettings = {
				ALWAYS_SEARCH_USER_PATHS = NO;
				ASSETCATALOG_COMPILER_GENERATE_SWIFT_ASSET_SYMBOL_EXTENSIONS = YES;
				CLANG_ANALYZER_NONNULL = YES;
				CLANG_ANALYZER_NUMBER_OBJECT_CONVERSION = YES_AGGRESSIVE;
				CLANG_CXX_LANGUAGE_STANDARD = "gnu++20";
				CLANG_ENABLE_MODULES = YES;
				CLANG_ENABLE_OBJC_ARC = YES;
				CLANG_ENABLE_OBJC_WEAK = YES;
				CLANG_WARN_BLOCK_CAPTURE_AUTORELEASING = YES;
				CLANG_WARN_BOOL_CONVERSION = YES;
				CLANG_WARN_COMMA = YES;
				CLANG_WARN_CONSTANT_CONVERSION = YES;
				CLANG_WARN_DEPRECATED_OBJC_IMPLEMENTATIONS = YES;
				CLANG_WARN_DIRECT_OBJC_ISA_USAGE = YES_ERROR;
				CLANG_WARN_DOCUMENTATION_COMMENTS = YES;
				CLANG_WARN_EMPTY_BODY = YES;
				CLANG_WARN_ENUM_CONVERSION = YES;
				CLANG_WARN_INFINITE_RECURSION = YES;
				CLANG_WARN_INT_CONVERSION = YES;
				CLANG_WARN_NON_LITERAL_NULL_CONVERSION = YES;
				CLANG_WARN_OBJC_IMPLICIT_RETAIN_SELF = YES;
				CLANG_WARN_OBJC_LITERAL_CONVERSION = YES;
				CLANG_WARN_OBJC_ROOT_CLASS = YES_ERROR;
				CLANG_WARN_QUOTED_INCLUDE_IN_FRAMEWORK_HEADER = YES;
				CLANG_WARN_RANGE_LOOP_ANALYSIS = YES;
				CLANG_WARN_STRICT_PROTOTYPES = YES;
				CLANG_WARN_SUSPICIOUS_MOVE = YES;
				CLANG_WARN_UNGUARDED_AVAILABILITY = YES_AGGRESSIVE;
				CLANG_WARN_UNREACHABLE_CODE = YES;
				CLANG_WARN__DUPLICATE_METHOD_MATCH = YES;
				COPY_PHASE_STRIP = NO;
				DEBUG_INFORMATION_FORMAT = dwarf;
				ENABLE_STRICT_OBJC_MSGSEND = YES;
				ENABLE_TESTABILITY = YES;
				ENABLE_USER_SCRIPT_SANDBOXING = YES;
				GCC_C_LANGUAGE_STANDARD = gnu17;
				GCC_DYNAMIC_NO_PIC = NO;
				GCC_NO_COMMON_BLOCKS = YES;
				GCC_OPTIMIZATION_LEVEL = 0;
				GCC_PREPROCESSOR_DEFINITIONS = (
					"DEBUG=1",
					"$(inherited)",
				);
				GCC_WARN_64_TO_32_BIT_CONVERSION = YES;
				GCC_WARN_ABOUT_RETURN_TYPE = YES_ERROR;
				GCC_WARN_UNDECLARED_SELECTOR = YES;
				GCC_WARN_UNINITIALIZED_AUTOS = YES_AGGRESSIVE;
				GCC_WARN_UNUSED_FUNCTION = YES;
				GCC_WARN_UNUSED_VARIABLE = YES;
				IPHONEOS_DEPLOYMENT_TARGET = 17.2;
				LOCALIZATION_PREFERS_STRING_CATALOGS = YES;
				MTL_ENABLE_DEBUG_INFO = INCLUDE_SOURCE;
				MTL_FAST_MATH = YES;
				ONLY_ACTIVE_ARCH = YES;
				SDKROOT = iphoneos;
				SWIFT_ACTIVE_COMPILATION_CONDITIONS = "DEBUG $(inherited)";
				SWIFT_OPTIMIZATION_LEVEL = "-Onone";
			};
			name = Debug;
		};
		9C441A2B2C205E3A00CED704 /* Release */ = {
			isa = XCBuildConfiguration;
			buildSettings = {
				ALWAYS_SEARCH_USER_PATHS = NO;
				ASSETCATALOG_COMPILER_GENERATE_SWIFT_ASSET_SYMBOL_EXTENSIONS = YES;
				CLANG_ANALYZER_NONNULL = YES;
				CLANG_ANALYZER_NUMBER_OBJECT_CONVERSION = YES_AGGRESSIVE;
				CLANG_CXX_LANGUAGE_STANDARD = "gnu++20";
				CLANG_ENABLE_MODULES = YES;
				CLANG_ENABLE_OBJC_ARC = YES;
				CLANG_ENABLE_OBJC_WEAK = YES;
				CLANG_WARN_BLOCK_CAPTURE_AUTORELEASING = YES;
				CLANG_WARN_BOOL_CONVERSION = YES;
				CLANG_WARN_COMMA = YES;
				CLANG_WARN_CONSTANT_CONVERSION = YES;
				CLANG_WARN_DEPRECATED_OBJC_IMPLEMENTATIONS = YES;
				CLANG_WARN_DIRECT_OBJC_ISA_USAGE = YES_ERROR;
				CLANG_WARN_DOCUMENTATION_COMMENTS = YES;
				CLANG_WARN_EMPTY_BODY = YES;
				CLANG_WARN_ENUM_CONVERSION = YES;
				CLANG_WARN_INFINITE_RECURSION = YES;
				CLANG_WARN_INT_CONVERSION = YES;
				CLANG_WARN_NON_LITERAL_NULL_CONVERSION = YES;
				CLANG_WARN_OBJC_IMPLICIT_RETAIN_SELF = YES;
				CLANG_WARN_OBJC_LITERAL_CONVERSION = YES;
				CLANG_WARN_OBJC_ROOT_CLASS = YES_ERROR;
				CLANG_WARN_QUOTED_INCLUDE_IN_FRAMEWORK_HEADER = YES;
				CLANG_WARN_RANGE_LOOP_ANALYSIS = YES;
				CLANG_WARN_STRICT_PROTOTYPES = YES;
				CLANG_WARN_SUSPICIOUS_MOVE = YES;
				CLANG_WARN_UNGUARDED_AVAILABILITY = YES_AGGRESSIVE;
				CLANG_WARN_UNREACHABLE_CODE = YES;
				CLANG_WARN__DUPLICATE_METHOD_MATCH = YES;
				COPY_PHASE_STRIP = NO;
				DEBUG_INFORMATION_FORMAT = "dwarf-with-dsym";
				ENABLE_NS_ASSERTIONS = NO;
				ENABLE_STRICT_OBJC_MSGSEND = YES;
				ENABLE_USER_SCRIPT_SANDBOXING = YES;
				GCC_C_LANGUAGE_STANDARD = gnu17;
				GCC_NO_COMMON_BLOCKS = YES;
				GCC_WARN_64_TO_32_BIT_CONVERSION = YES;
				GCC_WARN_ABOUT_RETURN_TYPE = YES_ERROR;
				GCC_WARN_UNDECLARED_SELECTOR = YES;
				GCC_WARN_UNINITIALIZED_AUTOS = YES_AGGRESSIVE;
				GCC_WARN_UNUSED_FUNCTION = YES;
				GCC_WARN_UNUSED_VARIABLE = YES;
				IPHONEOS_DEPLOYMENT_TARGET = 17.2;
				LOCALIZATION_PREFERS_STRING_CATALOGS = YES;
				MTL_ENABLE_DEBUG_INFO = NO;
				MTL_FAST_MATH = YES;
				SDKROOT = iphoneos;
				SWIFT_COMPILATION_MODE = wholemodule;
				VALIDATE_PRODUCT = YES;
			};
			name = Release;
		};
		9C441A2D2C205E3A00CED704 /* Debug */ = {
			isa = XCBuildConfiguration;
			buildSettings = {
				ASSETCATALOG_COMPILER_APPICON_NAME = AppIcon;
				ASSETCATALOG_COMPILER_GLOBAL_ACCENT_COLOR_NAME = AccentColor;
				CODE_SIGN_STYLE = Automatic;
				CURRENT_PROJECT_VERSION = 1;
				DEVELOPMENT_ASSET_PATHS = "\"TodoListApp/Preview Content\"";
				DEVELOPMENT_TEAM = 5XH9Q7B5Z4;
				ENABLE_PREVIEWS = YES;
				GENERATE_INFOPLIST_FILE = YES;
				INFOPLIST_KEY_UIApplicationSceneManifest_Generation = YES;
				INFOPLIST_KEY_UIApplicationSupportsIndirectInputEvents = YES;
				INFOPLIST_KEY_UILaunchScreen_Generation = YES;
				INFOPLIST_KEY_UISupportedInterfaceOrientations_iPad = "UIInterfaceOrientationPortrait UIInterfaceOrientationPortraitUpsideDown UIInterfaceOrientationLandscapeLeft UIInterfaceOrientationLandscapeRight";
				INFOPLIST_KEY_UISupportedInterfaceOrientations_iPhone = "UIInterfaceOrientationPortrait UIInterfaceOrientationLandscapeLeft UIInterfaceOrientationLandscapeRight";
				LD_RUNPATH_SEARCH_PATHS = (
					"$(inherited)",
					"@executable_path/Frameworks",
				);
				MARKETING_VERSION = 1.0;
				PRODUCT_BUNDLE_IDENTIFIER = Belyakov.TodoListApp;
				PRODUCT_NAME = "$(TARGET_NAME)";
				SWIFT_EMIT_LOC_STRINGS = YES;
				SWIFT_VERSION = 5.0;
				TARGETED_DEVICE_FAMILY = "1,2";
			};
			name = Debug;
		};
		9C441A2E2C205E3A00CED704 /* Release */ = {
			isa = XCBuildConfiguration;
			buildSettings = {
				ASSETCATALOG_COMPILER_APPICON_NAME = AppIcon;
				ASSETCATALOG_COMPILER_GLOBAL_ACCENT_COLOR_NAME = AccentColor;
				CODE_SIGN_STYLE = Automatic;
				CURRENT_PROJECT_VERSION = 1;
				DEVELOPMENT_ASSET_PATHS = "\"TodoListApp/Preview Content\"";
				DEVELOPMENT_TEAM = 5XH9Q7B5Z4;
				ENABLE_PREVIEWS = YES;
				GENERATE_INFOPLIST_FILE = YES;
				INFOPLIST_KEY_UIApplicationSceneManifest_Generation = YES;
				INFOPLIST_KEY_UIApplicationSupportsIndirectInputEvents = YES;
				INFOPLIST_KEY_UILaunchScreen_Generation = YES;
				INFOPLIST_KEY_UISupportedInterfaceOrientations_iPad = "UIInterfaceOrientationPortrait UIInterfaceOrientationPortraitUpsideDown UIInterfaceOrientationLandscapeLeft UIInterfaceOrientationLandscapeRight";
				INFOPLIST_KEY_UISupportedInterfaceOrientations_iPhone = "UIInterfaceOrientationPortrait UIInterfaceOrientationLandscapeLeft UIInterfaceOrientationLandscapeRight";
				LD_RUNPATH_SEARCH_PATHS = (
					"$(inherited)",
					"@executable_path/Frameworks",
				);
				MARKETING_VERSION = 1.0;
				PRODUCT_BUNDLE_IDENTIFIER = Belyakov.TodoListApp;
				PRODUCT_NAME = "$(TARGET_NAME)";
				SWIFT_EMIT_LOC_STRINGS = YES;
				SWIFT_VERSION = 5.0;
				TARGETED_DEVICE_FAMILY = "1,2";
			};
			name = Release;
		};
		9C441A302C205E3A00CED704 /* Debug */ = {
			isa = XCBuildConfiguration;
			buildSettings = {
				ALWAYS_EMBED_SWIFT_STANDARD_LIBRARIES = YES;
				BUNDLE_LOADER = "$(TEST_HOST)";
				CODE_SIGN_STYLE = Automatic;
				CURRENT_PROJECT_VERSION = 1;
				DEVELOPMENT_TEAM = 5XH9Q7B5Z4;
				GENERATE_INFOPLIST_FILE = YES;
				IPHONEOS_DEPLOYMENT_TARGET = 17.2;
				MARKETING_VERSION = 1.0;
				PRODUCT_BUNDLE_IDENTIFIER = Belyakov.TodoListAppTests;
				PRODUCT_NAME = "$(TARGET_NAME)";
				SWIFT_EMIT_LOC_STRINGS = NO;
				SWIFT_VERSION = 5.0;
				TARGETED_DEVICE_FAMILY = "1,2";
				TEST_HOST = "$(BUILT_PRODUCTS_DIR)/TodoListApp.app/$(BUNDLE_EXECUTABLE_FOLDER_PATH)/TodoListApp";
			};
			name = Debug;
		};
		9C441A312C205E3A00CED704 /* Release */ = {
			isa = XCBuildConfiguration;
			buildSettings = {
				ALWAYS_EMBED_SWIFT_STANDARD_LIBRARIES = YES;
				BUNDLE_LOADER = "$(TEST_HOST)";
				CODE_SIGN_STYLE = Automatic;
				CURRENT_PROJECT_VERSION = 1;
				DEVELOPMENT_TEAM = 5XH9Q7B5Z4;
				GENERATE_INFOPLIST_FILE = YES;
				IPHONEOS_DEPLOYMENT_TARGET = 17.2;
				MARKETING_VERSION = 1.0;
				PRODUCT_BUNDLE_IDENTIFIER = Belyakov.TodoListAppTests;
				PRODUCT_NAME = "$(TARGET_NAME)";
				SWIFT_EMIT_LOC_STRINGS = NO;
				SWIFT_VERSION = 5.0;
				TARGETED_DEVICE_FAMILY = "1,2";
				TEST_HOST = "$(BUILT_PRODUCTS_DIR)/TodoListApp.app/$(BUNDLE_EXECUTABLE_FOLDER_PATH)/TodoListApp";
			};
			name = Release;
		};
		9C441A332C205E3A00CED704 /* Debug */ = {
			isa = XCBuildConfiguration;
			buildSettings = {
				ALWAYS_EMBED_SWIFT_STANDARD_LIBRARIES = YES;
				CODE_SIGN_STYLE = Automatic;
				CURRENT_PROJECT_VERSION = 1;
				DEVELOPMENT_TEAM = 5XH9Q7B5Z4;
				GENERATE_INFOPLIST_FILE = YES;
				MARKETING_VERSION = 1.0;
				PRODUCT_BUNDLE_IDENTIFIER = Belyakov.TodoListAppUITests;
				PRODUCT_NAME = "$(TARGET_NAME)";
				SWIFT_EMIT_LOC_STRINGS = NO;
				SWIFT_VERSION = 5.0;
				TARGETED_DEVICE_FAMILY = "1,2";
				TEST_TARGET_NAME = TodoListApp;
			};
			name = Debug;
		};
		9C441A342C205E3A00CED704 /* Release */ = {
			isa = XCBuildConfiguration;
			buildSettings = {
				ALWAYS_EMBED_SWIFT_STANDARD_LIBRARIES = YES;
				CODE_SIGN_STYLE = Automatic;
				CURRENT_PROJECT_VERSION = 1;
				DEVELOPMENT_TEAM = 5XH9Q7B5Z4;
				GENERATE_INFOPLIST_FILE = YES;
				MARKETING_VERSION = 1.0;
				PRODUCT_BUNDLE_IDENTIFIER = Belyakov.TodoListAppUITests;
				PRODUCT_NAME = "$(TARGET_NAME)";
				SWIFT_EMIT_LOC_STRINGS = NO;
				SWIFT_VERSION = 5.0;
				TARGETED_DEVICE_FAMILY = "1,2";
				TEST_TARGET_NAME = TodoListApp;
			};
			name = Release;
		};
/* End XCBuildConfiguration section */

/* Begin XCConfigurationList section */
		9C441A032C205E3600CED704 /* Build configuration list for PBXProject "TodoListApp" */ = {
			isa = XCConfigurationList;
			buildConfigurations = (
				9C441A2A2C205E3A00CED704 /* Debug */,
				9C441A2B2C205E3A00CED704 /* Release */,
			);
			defaultConfigurationIsVisible = 0;
			defaultConfigurationName = Release;
		};
		9C441A2C2C205E3A00CED704 /* Build configuration list for PBXNativeTarget "TodoListApp" */ = {
			isa = XCConfigurationList;
			buildConfigurations = (
				9C441A2D2C205E3A00CED704 /* Debug */,
				9C441A2E2C205E3A00CED704 /* Release */,
			);
			defaultConfigurationIsVisible = 0;
			defaultConfigurationName = Release;
		};
		9C441A2F2C205E3A00CED704 /* Build configuration list for PBXNativeTarget "TodoListAppTests" */ = {
			isa = XCConfigurationList;
			buildConfigurations = (
				9C441A302C205E3A00CED704 /* Debug */,
				9C441A312C205E3A00CED704 /* Release */,
			);
			defaultConfigurationIsVisible = 0;
			defaultConfigurationName = Release;
		};
		9C441A322C205E3A00CED704 /* Build configuration list for PBXNativeTarget "TodoListAppUITests" */ = {
			isa = XCConfigurationList;
			buildConfigurations = (
				9C441A332C205E3A00CED704 /* Debug */,
				9C441A342C205E3A00CED704 /* Release */,
			);
			defaultConfigurationIsVisible = 0;
			defaultConfigurationName = Release;
		};
/* End XCConfigurationList section */
	};
	rootObject = 9C441A002C205E3600CED704 /* Project object */;
}
